<?xml version="1.0" encoding="utf-8"?>
<Project ToolsVersion="4.0" xmlns="http://schemas.microsoft.com/developer/msbuild/2003">
  <ItemGroup>
    <Filter Include="Source Files">
      <UniqueIdentifier>{4FC737F1-C7A5-4376-A066-2A32D752A2FF}</UniqueIdentifier>
      <Extensions>cpp;c;cc;cxx;def;odl;idl;hpj;bat;asm;asmx</Extensions>
    </Filter>
    <Filter Include="Source Files\Common">
      <UniqueIdentifier>{851ac58e-36e0-4dfa-a208-6da2330f5959}</UniqueIdentifier>
    </Filter>
    <Filter Include="Source Files\Crypto">
      <UniqueIdentifier>{76da5bdb-fe11-430a-8667-2fe7f9ac3667}</UniqueIdentifier>
    </Filter>
    <Filter Include="Header Files">
      <UniqueIdentifier>{93995380-89BD-4b04-88EB-625FBE52EBFB}</UniqueIdentifier>
      <Extensions>h;hpp;hxx;hm;inl;inc;xsd</Extensions>
    </Filter>
    <Filter Include="Build Files">
      <UniqueIdentifier>{732efef1-4474-4845-aa74-17b852cc0f2e}</UniqueIdentifier>
    </Filter>
  </ItemGroup>
  <ItemGroup>
    <ClCompile Include="BootConfig.cpp">
      <Filter>Source Files</Filter>
    </ClCompile>
    <ClCompile Include="BootConsoleIo.cpp">
      <Filter>Source Files</Filter>
    </ClCompile>
    <ClCompile Include="BootDebug.cpp">
      <Filter>Source Files</Filter>
    </ClCompile>
    <ClCompile Include="BootDiskIo.cpp">
      <Filter>Source Files</Filter>
    </ClCompile>
    <ClCompile Include="BootEncryptedIo.cpp">
      <Filter>Source Files</Filter>
    </ClCompile>
    <ClCompile Include="BootMain.cpp">
      <Filter>Source Files</Filter>
    </ClCompile>
    <ClCompile Include="BootMemory.cpp">
      <Filter>Source Files</Filter>
    </ClCompile>
    <ClCompile Include="Decompressor.c">
      <Filter>Source Files</Filter>
    </ClCompile>
    <ClCompile Include="IntFilter.cpp">
      <Filter>Source Files</Filter>
    </ClCompile>
    <ClCompile Include="Platform.cpp">
      <Filter>Source Files</Filter>
    </ClCompile>
    <ClCompile Include="..\..\Common\Crc.c">
      <Filter>Source Files\Common</Filter>
    </ClCompile>
    <ClCompile Include="..\..\Common\Crypto.c">
      <Filter>Source Files\Common</Filter>
    </ClCompile>
    <ClCompile Include="..\..\Common\Endian.c">
      <Filter>Source Files\Common</Filter>
    </ClCompile>
    <ClCompile Include="..\..\Common\Pkcs5.c">
      <Filter>Source Files\Common</Filter>
    </ClCompile>
    <ClCompile Include="..\..\Common\Volumes.c">
      <Filter>Source Files\Common</Filter>
    </ClCompile>
    <ClCompile Include="..\..\Common\Xts.c">
      <Filter>Source Files\Common</Filter>
    </ClCompile>
    <ClCompile Include="..\..\Crypto\AesSmall.c">
      <Filter>Source Files\Crypto</Filter>
    </ClCompile>
    <ClCompile Include="..\..\Crypto\CamelliaSmall.c">
      <Filter>Source Files\Crypto</Filter>
    </ClCompile>
    <ClCompile Include="..\..\Crypto\Rmd160.c">
      <Filter>Source Files\Crypto</Filter>
    </ClCompile>
    <ClCompile Include="..\..\Crypto\Serpent.c">
      <Filter>Source Files\Crypto</Filter>
    </ClCompile>
    <ClCompile Include="..\..\Crypto\Sha2Small.c">
      <Filter>Source Files\Crypto</Filter>
    </ClCompile>
    <ClCompile Include="..\..\Crypto\Twofish.c">
      <Filter>Source Files\Crypto</Filter>
    </ClCompile>
  </ItemGroup>
  <ItemGroup>
    <None Include="BootCrt.asm">
      <Filter>Source Files</Filter>
    </None>
    <None Include="BootSector.asm">
      <Filter>Source Files</Filter>
    </None>
    <None Include="..\..\Crypto\Aes_hw_cpu.asm">
      <Filter>Source Files\Crypto</Filter>
    </None>
    <None Include="..\..\Crypto\AesSmall_x86.asm">
      <Filter>Source Files\Crypto</Filter>
    </None>
    <None Include="Makefile">
      <Filter>Build Files</Filter>
    </None>
  </ItemGroup>
  <ItemGroup>
    <ClInclude Include="Bios.h">
      <Filter>Header Files</Filter>
    </ClInclude>
    <ClInclude Include="BootCommon.h">
      <Filter>Header Files</Filter>
    </ClInclude>
    <ClInclude Include="BootConfig.h">
      <Filter>Header Files</Filter>
    </ClInclude>
    <ClInclude Include="BootConsoleIo.h">
      <Filter>Header Files</Filter>
    </ClInclude>
    <ClInclude Include="BootDebug.h">
      <Filter>Header Files</Filter>
    </ClInclude>
    <ClInclude Include="BootDefs.h">
      <Filter>Header Files</Filter>
    </ClInclude>
    <ClInclude Include="BootDiskIo.h">
      <Filter>Header Files</Filter>
    </ClInclude>
    <ClInclude Include="BootEncryptedIo.h">
      <Filter>Header Files</Filter>
    </ClInclude>
    <ClInclude Include="BootMain.h">
      <Filter>Header Files</Filter>
    </ClInclude>
    <ClInclude Include="BootMemory.h">
      <Filter>Header Files</Filter>
    </ClInclude>
    <ClInclude Include="BootStrings.h">
      <Filter>Header Files</Filter>
    </ClInclude>
    <ClInclude Include="IntFilter.h">
      <Filter>Header Files</Filter>
    </ClInclude>
    <ClInclude Include="Platform.h">
      <Filter>Header Files</Filter>
    </ClInclude>
  </ItemGroup>
</Project>