<?xml version="1.0" encoding="utf-8"?>
<Project ToolsVersion="4.0" xmlns="http://schemas.microsoft.com/developer/msbuild/2003">
  <ItemGroup>
    <Filter Include="Source Files">
      <UniqueIdentifier>{4FC737F1-C7A5-4376-A066-2A32D752A2FF}</UniqueIdentifier>
      <Extensions>cpp;c;cc;cxx;c++;cppm;ixx;def;odl;idl;hpj;bat;asm;asmx</Extensions>
    </Filter>
    <Filter Include="Header Files">
      <UniqueIdentifier>{93995380-89BD-4b04-88EB-625FBE52EBFB}</UniqueIdentifier>
      <Extensions>h;hh;hpp;hxx;h++;hm;inl;inc;ipp;xsd</Extensions>
    </Filter>
    <Filter Include="Resource Files">
      <UniqueIdentifier>{67DA6AB6-F800-4c08-8B7A-83BB121AAD01}</UniqueIdentifier>
      <Extensions>rc;ico;cur;bmp;dlg;rc2;rct;bin;rgs;gif;jpg;jpeg;jpe;resx;tiff;tif;png;wav;mfcribbon-ms</Extensions>
    </Filter>
    <Filter Include="Source Files\Common">
      <UniqueIdentifier>{30ee2663-9bf7-4e14-8331-09f652ef9ca0}</UniqueIdentifier>
    </Filter>
  </ItemGroup>
  <ItemGroup>
    <ClCompile Include="VeraCryptFormatSDK.cpp">
      <Filter>Source Files</Filter>
    </ClCompile>
    <ClCompile Include="..\Common\CommandAPDU.cpp">
      <Filter>Source Files\Common</Filter>
    </ClCompile>
    <ClCompile Include="..\Common\EMVCard.cpp">
      <Filter>Source Files\Common</Filter>
    </ClCompile>
    <ClCompile Include="..\Common\EMVToken.cpp">
      <Filter>Source Files\Common</Filter>
    </ClCompile>
    <ClCompile Include="..\Common\PCSCException.cpp">
      <Filter>Source Files\Common</Filter>
    </ClCompile>
    <ClCompile Include="..\Common\ResponseAPDU.cpp">
      <Filter>Source Files\Common</Filter>
    </ClCompile>
    <ClCompile Include="..\Common\SCard.cpp">
      <Filter>Source Files\Common</Filter>
    </ClCompile>
    <ClCompile Include="..\Common\SCardLoader.cpp">
      <Filter>Source Files\Common</Filter>
    </ClCompile>
    <ClCompile Include="..\Common\SCardManager.cpp">
      <Filter>Source Files\Common</Filter>
    </ClCompile>
    <ClCompile Include="..\Common\SCardReader.cpp">
      <Filter>Source Files\Common</Filter>
    </ClCompile>
    <ClCompile Include="..\Common\TLVParser.cpp">
      <Filter>Source Files\Common</Filter>
    </ClCompile>
    <ClCompile Include="..\Common\Token.cpp">
      <Filter>Source Files\Common</Filter>
    </ClCompile>
    <ClCompile Include="..\Common\BaseCom.cpp">
      <Filter>Source Files\Common</Filter>
    </ClCompile>
    <ClCompile Include="..\Common\BootEncryption.cpp">
      <Filter>Source Files\Common</Filter>
    </ClCompile>
    <ClCompile Include="..\Common\Cmdline.c">
      <Filter>Source Files\Common</Filter>
    </ClCompile>
    <ClCompile Include="..\Common\Combo.c">
      <Filter>Source Files\Common</Filter>
    </ClCompile>
    <ClCompile Include="..\Common\Crc.c">
      <Filter>Source Files\Common</Filter>
    </ClCompile>
    <ClCompile Include="..\Common\Crypto.c">
      <Filter>Source Files\Common</Filter>
    </ClCompile>
    <ClCompile Include="..\Common\Dictionary.c">
      <Filter>Source Files\Common</Filter>
    </ClCompile>
    <ClCompile Include="..\Common\Dlgcode.c">
      <Filter>Source Files\Common</Filter>
    </ClCompile>
    <ClCompile Include="..\Common\EncryptionThreadPool.c">
      <Filter>Source Files\Common</Filter>
    </ClCompile>
    <ClCompile Include="..\Common\Endian.c">
      <Filter>Source Files\Common</Filter>
    </ClCompile>
    <ClCompile Include="..\Common\Fat.c">
      <Filter>Source Files\Common</Filter>
    </ClCompile>
    <ClCompile Include="..\Common\Format.c">
      <Filter>Source Files\Common</Filter>
    </ClCompile>
    <ClCompile Include="..\Common\GfMul.c">
      <Filter>Source Files\Common</Filter>
    </ClCompile>
    <ClCompile Include="..\Common\Keyfiles.c">
      <Filter>Source Files\Common</Filter>
    </ClCompile>
    <ClCompile Include="..\Common\Language.c">
      <Filter>Source Files\Common</Filter>
    </ClCompile>
    <ClCompile Include="..\Common\Password.c">
      <Filter>Source Files\Common</Filter>
    </ClCompile>
    <ClCompile Include="..\Common\Pkcs5.c">
      <Filter>Source Files\Common</Filter>
    </ClCompile>
    <ClCompile Include="..\Common\Progress.c">
      <Filter>Source Files\Common</Filter>
    </ClCompile>
    <ClCompile Include="..\Common\Random.c">
      <Filter>Source Files\Common</Filter>
    </ClCompile>
    <ClCompile Include="..\Common\Registry.c">
      <Filter>Source Files\Common</Filter>
    </ClCompile>
    <ClCompile Include="..\Common\SecurityToken.cpp">
      <Filter>Source Files\Common</Filter>
    </ClCompile>
    <ClCompile Include="..\Common\Tests.c">
      <Filter>Source Files\Common</Filter>
    </ClCompile>
    <ClCompile Include="..\Common\Volumes.c">
      <Filter>Source Files\Common</Filter>
    </ClCompile>
    <ClCompile Include="..\Common\Wipe.c">
      <Filter>Source Files\Common</Filter>
    </ClCompile>
    <ClCompile Include="..\Common\Xml.c">
      <Filter>Source Files\Common</Filter>
    </ClCompile>
    <ClCompile Include="..\Common\Xts.c">
      <Filter>Source Files\Common</Filter>
    </ClCompile>
    <ClCompile Include="..\Format\Tcformat.c">
      <Filter>Source Files</Filter>
    </ClCompile>
  </ItemGroup>
  <ItemGroup>
    <ClInclude Include="VeraCryptFormatSDK.h">
      <Filter>Header Files</Filter>
    </ClInclude>
  </ItemGroup>
  <ItemGroup>
    <ResourceCompile Include="FormatDLL.rc">
      <Filter>Resource Files</Filter>
    </ResourceCompile>
  </ItemGroup>
</Project>