Microsoft Visual Studio Solution File, Format Version 10.00
# Visual Studio 2008
Project("{8BC9CEB8-8B4A-11D0-8D11-00A0C91BC942}") = "Crypto", "Crypto\Crypto.vcproj", "{993245CF-6B70-47EE-91BB-39F8FC6DC0E7}"
EndProject
Project("{8BC9CEB8-8B4A-11D0-8D11-00A0C91BC942}") = "Driver", "Driver\Driver.vcproj", "{EF5EF444-18D0-40D7-8DFA-775EC4448602}"
EndProject
Project("{8BC9CEB8-8B4A-11D0-8D11-00A0C91BC942}") = "Format", "Format\Format.vcproj", "{9DC1ABE2-D18B-48FB-81D2-8C50ADC57BCF}"
	ProjectSection(ProjectDependencies) = postProject
		{8B7F059F-E4C7-4E11-88F5-EE8B8433072E} = {8B7F059F-E4C7-4E11-88F5-EE8B8433072E}
		{993245CF-6B70-47EE-91BB-39F8FC6DC0E7} = {993245CF-6B70-47EE-91BB-39F8FC6DC0E7}
	EndProjectSection
EndProject
Project("{8BC9CEB8-8B4A-11D0-8D11-00A0C91BC942}") = "Mount", "Mount\Mount.vcproj", "{E4C40F94-E7F9-4981-86E4-186B46F993F3}"
	ProjectSection(ProjectDependencies) = postProject
		{8B7F059F-E4C7-4E11-88F5-EE8B8433072E} = {8B7F059F-E4C7-4E11-88F5-EE8B8433072E}
		{993245CF-6B70-47EE-91BB-39F8FC6DC0E7} = {993245CF-6B70-47EE-91BB-39F8FC6DC0E7}
	EndProjectSection
EndProject
Project("{8BC9CEB8-8B4A-11D0-8D11-00A0C91BC942}") = "Setup", "Setup\Setup.vcproj", "{DF5F654D-BD44-4E31-B92E-B68074DC37A8}"
	ProjectSection(ProjectDependencies) = postProject
		{E4C40F94-E7F9-4981-86E4-186B46F993F3} = {E4C40F94-E7F9-4981-86E4-186B46F993F3}
		{8B7F059F-E4C7-4E11-88F5-EE8B8433072E} = {8B7F059F-E4C7-4E11-88F5-EE8B8433072E}
		{9DC1ABE2-D18B-48FB-81D2-8C50ADC57BCF} = {9DC1ABE2-D18B-48FB-81D2-8C50ADC57BCF}
	EndProjectSection
EndProject
Project("{8BC9CEB8-8B4A-11D0-8D11-00A0C91BC942}") = "Boot", "Boot\Windows\Boot.vcproj", "{8B7F059F-E4C7-4E11-88F5-EE8B8433072E}"
EndProject
Global
	GlobalSection(SolutionConfigurationPlatforms) = preSolution
		All Debug|Win32 = All Debug|Win32
		All|Win32 = All|Win32
		Boot Loader|Win32 = Boot Loader|Win32
		Boot|Win32 = Boot|Win32
		Driver Debug|Win32 = Driver Debug|Win32
		Driver x64 Debug|Win32 = Driver x64 Debug|Win32
		Driver x64|Win32 = Driver x64|Win32
		Driver x86 Debug|Win32 = Driver x86 Debug|Win32
		Driver x86|Win32 = Driver x86|Win32
		Driver|Win32 = Driver|Win32
		Format Debug|Win32 = Format Debug|Win32
		Format|Win32 = Format|Win32
		Mount Debug|Win32 = Mount Debug|Win32
		Mount|Win32 = Mount|Win32
		Setup Debug|Win32 = Setup Debug|Win32
		Setup|Win32 = Setup|Win32
	EndGlobalSection
	GlobalSection(ProjectConfigurationPlatforms) = postSolution
		{993245CF-6B70-47EE-91BB-39F8FC6DC0E7}.All Debug|Win32.ActiveCfg = Debug|Win32
		{993245CF-6B70-47EE-91BB-39F8FC6DC0E7}.All Debug|Win32.Build.0 = Debug|Win32
		{993245CF-6B70-47EE-91BB-39F8FC6DC0E7}.All|Win32.ActiveCfg = Release|Win32
		{993245CF-6B70-47EE-91BB-39F8FC6DC0E7}.All|Win32.Build.0 = Release|Win32
		{993245CF-6B70-47EE-91BB-39F8FC6DC0E7}.Boot Loader|Win32.ActiveCfg = Release|Win32
		{993245CF-6B70-47EE-91BB-39F8FC6DC0E7}.Boot|Win32.ActiveCfg = Release|Win32
		{993245CF-6B70-47EE-91BB-39F8FC6DC0E7}.Driver Debug|Win32.ActiveCfg = Debug|Win32
		{993245CF-6B70-47EE-91BB-39F8FC6DC0E7}.Driver x64 Debug|Win32.ActiveCfg = Debug|Win32
		{993245CF-6B70-47EE-91BB-39F8FC6DC0E7}.Driver x64|Win32.ActiveCfg = Release|Win32
		{993245CF-6B70-47EE-91BB-39F8FC6DC0E7}.Driver x86 Debug|Win32.ActiveCfg = Debug|Win32
		{993245CF-6B70-47EE-91BB-39F8FC6DC0E7}.Driver x86|Win32.ActiveCfg = Release|Win32
		{993245CF-6B70-47EE-91BB-39F8FC6DC0E7}.Driver|Win32.ActiveCfg = Release|Win32
		{993245CF-6B70-47EE-91BB-39F8FC6DC0E7}.Format Debug|Win32.ActiveCfg = Debug|Win32
		{993245CF-6B70-47EE-91BB-39F8FC6DC0E7}.Format Debug|Win32.Build.0 = Debug|Win32
		{993245CF-6B70-47EE-91BB-39F8FC6DC0E7}.Format|Win32.ActiveCfg = Release|Win32
		{993245CF-6B70-47EE-91BB-39F8FC6DC0E7}.Format|Win32.Build.0 = Release|Win32
		{993245CF-6B70-47EE-91BB-39F8FC6DC0E7}.Mount Debug|Win32.ActiveCfg = Debug|Win32
		{993245CF-6B70-47EE-91BB-39F8FC6DC0E7}.Mount Debug|Win32.Build.0 = Debug|Win32
		{993245CF-6B70-47EE-91BB-39F8FC6DC0E7}.Mount|Win32.ActiveCfg = Release|Win32
		{993245CF-6B70-47EE-91BB-39F8FC6DC0E7}.Mount|Win32.Build.0 = Release|Win32
		{993245CF-6B70-47EE-91BB-39F8FC6DC0E7}.Setup Debug|Win32.ActiveCfg = Debug|Win32
		{993245CF-6B70-47EE-91BB-39F8FC6DC0E7}.Setup|Win32.ActiveCfg = Release|Win32
		{EF5EF444-18D0-40D7-8DFA-775EC4448602}.All Debug|Win32.ActiveCfg = Debug|Win32
		{EF5EF444-18D0-40D7-8DFA-775EC4448602}.All Debug|Win32.Build.0 = Debug|Win32
		{EF5EF444-18D0-40D7-8DFA-775EC4448602}.All|Win32.ActiveCfg = Release|Win32
		{EF5EF444-18D0-40D7-8DFA-775EC4448602}.All|Win32.Build.0 = Release|Win32
		{EF5EF444-18D0-40D7-8DFA-775EC4448602}.Boot Loader|Win32.ActiveCfg = Release|Win32
		{EF5EF444-18D0-40D7-8DFA-775EC4448602}.Boot|Win32.ActiveCfg = Release|Win32
		{EF5EF444-18D0-40D7-8DFA-775EC4448602}.Driver Debug|Win32.ActiveCfg = Debug|Win32
		{EF5EF444-18D0-40D7-8DFA-775EC4448602}.Driver Debug|Win32.Build.0 = Debug|Win32
		{EF5EF444-18D0-40D7-8DFA-775EC4448602}.Driver x64 Debug|Win32.ActiveCfg = Debug x64|Win32
		{EF5EF444-18D0-40D7-8DFA-775EC4448602}.Driver x64 Debug|Win32.Build.0 = Debug x64|Win32
		{EF5EF444-18D0-40D7-8DFA-775EC4448602}.Driver x64|Win32.ActiveCfg = Release x64|Win32
		{EF5EF444-18D0-40D7-8DFA-775EC4448602}.Driver x64|Win32.Build.0 = Release x64|Win32
		{EF5EF444-18D0-40D7-8DFA-775EC4448602}.Driver x86 Debug|Win32.ActiveCfg = Debug x86|Win32
		{EF5EF444-18D0-40D7-8DFA-775EC4448602}.Driver x86 Debug|Win32.Build.0 = Debug x86|Win32
		{EF5EF444-18D0-40D7-8DFA-775EC4448602}.Driver x86|Win32.ActiveCfg = Release x86|Win32
		{EF5EF444-18D0-40D7-8DFA-775EC4448602}.Driver x86|Win32.Build.0 = Release x86|Win32
		{EF5EF444-18D0-40D7-8DFA-775EC4448602}.Driver|Win32.ActiveCfg = Release|Win32
		{EF5EF444-18D0-40D7-8DFA-775EC4448602}.Driver|Win32.Build.0 = Release|Win32
		{EF5EF444-18D0-40D7-8DFA-775EC4448602}.Format Debug|Win32.ActiveCfg = Debug|Win32
		{EF5EF444-18D0-40D7-8DFA-775EC4448602}.Format|Win32.ActiveCfg = Release|Win32
		{EF5EF444-18D0-40D7-8DFA-775EC4448602}.Mount Debug|Win32.ActiveCfg = Debug|Win32
		{EF5EF444-18D0-40D7-8DFA-775EC4448602}.Mount|Win32.ActiveCfg = Release|Win32
		{EF5EF444-18D0-40D7-8DFA-775EC4448602}.Setup Debug|Win32.ActiveCfg = Debug|Win32
		{EF5EF444-18D0-40D7-8DFA-775EC4448602}.Setup|Win32.ActiveCfg = Release|Win32
		{9DC1ABE2-D18B-48FB-81D2-8C50ADC57BCF}.All Debug|Win32.ActiveCfg = Debug|Win32
		{9DC1ABE2-D18B-48FB-81D2-8C50ADC57BCF}.All Debug|Win32.Build.0 = Debug|Win32
		{9DC1ABE2-D18B-48FB-81D2-8C50ADC57BCF}.All|Win32.ActiveCfg = Release|Win32
		{9DC1ABE2-D18B-48FB-81D2-8C50ADC57BCF}.All|Win32.Build.0 = Release|Win32
		{9DC1ABE2-D18B-48FB-81D2-8C50ADC57BCF}.Boot Loader|Win32.ActiveCfg = Release|Win32
		{9DC1ABE2-D18B-48FB-81D2-8C50ADC57BCF}.Boot|Win32.ActiveCfg = Release|Win32
		{9DC1ABE2-D18B-48FB-81D2-8C50ADC57BCF}.Driver Debug|Win32.ActiveCfg = Debug|Win32
		{9DC1ABE2-D18B-48FB-81D2-8C50ADC57BCF}.Driver x64 Debug|Win32.ActiveCfg = Debug|Win32
		{9DC1ABE2-D18B-48FB-81D2-8C50ADC57BCF}.Driver x64|Win32.ActiveCfg = Release|Win32
		{9DC1ABE2-D18B-48FB-81D2-8C50ADC57BCF}.Driver x86 Debug|Win32.ActiveCfg = Debug|Win32
		{9DC1ABE2-D18B-48FB-81D2-8C50ADC57BCF}.Driver x86|Win32.ActiveCfg = Release|Win32
		{9DC1ABE2-D18B-48FB-81D2-8C50ADC57BCF}.Driver|Win32.ActiveCfg = Release|Win32
		{9DC1ABE2-D18B-48FB-81D2-8C50ADC57BCF}.Format Debug|Win32.ActiveCfg = Debug|Win32
		{9DC1ABE2-D18B-48FB-81D2-8C50ADC57BCF}.Format Debug|Win32.Build.0 = Debug|Win32
		{9DC1ABE2-D18B-48FB-81D2-8C50ADC57BCF}.Format|Win32.ActiveCfg = Release|Win32
		{9DC1ABE2-D18B-48FB-81D2-8C50ADC57BCF}.Format|Win32.Build.0 = Release|Win32
		{9DC1ABE2-D18B-48FB-81D2-8C50ADC57BCF}.Mount Debug|Win32.ActiveCfg = Debug|Win32
		{9DC1ABE2-D18B-48FB-81D2-8C50ADC57BCF}.Mount|Win32.ActiveCfg = Release|Win32
		{9DC1ABE2-D18B-48FB-81D2-8C50ADC57BCF}.Setup Debug|Win32.ActiveCfg = Debug|Win32
		{9DC1ABE2-D18B-48FB-81D2-8C50ADC57BCF}.Setup|Win32.ActiveCfg = Release|Win32
		{E4C40F94-E7F9-4981-86E4-186B46F993F3}.All Debug|Win32.ActiveCfg = Debug|Win32
		{E4C40F94-E7F9-4981-86E4-186B46F993F3}.All Debug|Win32.Build.0 = Debug|Win32
		{E4C40F94-E7F9-4981-86E4-186B46F993F3}.All|Win32.ActiveCfg = Release|Win32
		{E4C40F94-E7F9-4981-86E4-186B46F993F3}.All|Win32.Build.0 = Release|Win32
		{E4C40F94-E7F9-4981-86E4-186B46F993F3}.Boot Loader|Win32.ActiveCfg = Release|Win32
		{E4C40F94-E7F9-4981-86E4-186B46F993F3}.Boot|Win32.ActiveCfg = Release|Win32
		{E4C40F94-E7F9-4981-86E4-186B46F993F3}.Driver Debug|Win32.ActiveCfg = Debug|Win32
		{E4C40F94-E7F9-4981-86E4-186B46F993F3}.Driver x64 Debug|Win32.ActiveCfg = Debug|Win32
		{E4C40F94-E7F9-4981-86E4-186B46F993F3}.Driver x64|Win32.ActiveCfg = Release|Win32
		{E4C40F94-E7F9-4981-86E4-186B46F993F3}.Driver x86 Debug|Win32.ActiveCfg = Debug|Win32
		{E4C40F94-E7F9-4981-86E4-186B46F993F3}.Driver x86|Win32.ActiveCfg = Release|Win32
		{E4C40F94-E7F9-4981-86E4-186B46F993F3}.Driver|Win32.ActiveCfg = Release|Win32
		{E4C40F94-E7F9-4981-86E4-186B46F993F3}.Format Debug|Win32.ActiveCfg = Debug|Win32
		{E4C40F94-E7F9-4981-86E4-186B46F993F3}.Format|Win32.ActiveCfg = Release|Win32
		{E4C40F94-E7F9-4981-86E4-186B46F993F3}.Mount Debug|Win32.ActiveCfg = Debug|Win32
		{E4C40F94-E7F9-4981-86E4-186B46F993F3}.Mount Debug|Win32.Build.0 = Debug|Win32
		{E4C40F94-E7F9-4981-86E4-186B46F993F3}.Mount|Win32.ActiveCfg = Release|Win32
		{E4C40F94-E7F9-4981-86E4-186B46F993F3}.Mount|Win32.Build.0 = Release|Win32
		{E4C40F94-E7F9-4981-86E4-186B46F993F3}.Setup Debug|Win32.ActiveCfg = Debug|Win32
		{E4C40F94-E7F9-4981-86E4-186B46F993F3}.Setup|Win32.ActiveCfg = Release|Win32
		{DF5F654D-BD44-4E31-B92E-B68074DC37A8}.All Debug|Win32.ActiveCfg = Debug|Win32
		{DF5F654D-BD44-4E31-B92E-B68074DC37A8}.All Debug|Win32.Build.0 = Debug|Win32
		{DF5F654D-BD44-4E31-B92E-B68074DC37A8}.All|Win32.ActiveCfg = Release|Win32
		{DF5F654D-BD44-4E31-B92E-B68074DC37A8}.All|Win32.Build.0 = Release|Win32
		{DF5F654D-BD44-4E31-B92E-B68074DC37A8}.Boot Loader|Win32.ActiveCfg = Release|Win32
		{DF5F654D-BD44-4E31-B92E-B68074DC37A8}.Boot|Win32.ActiveCfg = Release|Win32
		{DF5F654D-BD44-4E31-B92E-B68074DC37A8}.Driver Debug|Win32.ActiveCfg = Debug|Win32
		{DF5F654D-BD44-4E31-B92E-B68074DC37A8}.Driver x64 Debug|Win32.ActiveCfg = Debug|Win32
		{DF5F654D-BD44-4E31-B92E-B68074DC37A8}.Driver x64|Win32.ActiveCfg = Release|Win32
		{DF5F654D-BD44-4E31-B92E-B68074DC37A8}.Driver x86 Debug|Win32.ActiveCfg = Debug|Win32
		{DF5F654D-BD44-4E31-B92E-B68074DC37A8}.Driver x86|Win32.ActiveCfg = Release|Win32
		{DF5F654D-BD44-4E31-B92E-B68074DC37A8}.Driver|Win32.ActiveCfg = Release|Win32
		{DF5F654D-BD44-4E31-B92E-B68074DC37A8}.Format Debug|Win32.ActiveCfg = Debug|Win32
		{DF5F654D-BD44-4E31-B92E-B68074DC37A8}.Format|Win32.ActiveCfg = Release|Win32
		{DF5F654D-BD44-4E31-B92E-B68074DC37A8}.Mount Debug|Win32.ActiveCfg = Debug|Win32
		{DF5F654D-BD44-4E31-B92E-B68074DC37A8}.Mount|Win32.ActiveCfg = Release|Win32
		{DF5F654D-BD44-4E31-B92E-B68074DC37A8}.Setup Debug|Win32.ActiveCfg = Debug|Win32
		{DF5F654D-BD44-4E31-B92E-B68074DC37A8}.Setup Debug|Win32.Build.0 = Debug|Win32
		{DF5F654D-BD44-4E31-B92E-B68074DC37A8}.Setup|Win32.ActiveCfg = Release|Win32
		{DF5F654D-BD44-4E31-B92E-B68074DC37A8}.Setup|Win32.Build.0 = Release|Win32
		{8B7F059F-E4C7-4E11-88F5-EE8B8433072E}.All Debug|Win32.ActiveCfg = Release|Win32
		{8B7F059F-E4C7-4E11-88F5-EE8B8433072E}.All Debug|Win32.Build.0 = Release|Win32
		{8B7F059F-E4C7-4E11-88F5-EE8B8433072E}.All|Win32.ActiveCfg = Release|Win32
		{8B7F059F-E4C7-4E11-88F5-EE8B8433072E}.All|Win32.Build.0 = Release|Win32
		{8B7F059F-E4C7-4E11-88F5-EE8B8433072E}.Boot Loader|Win32.ActiveCfg = Release Loader|Win32
		{8B7F059F-E4C7-4E11-88F5-EE8B8433072E}.Boot Loader|Win32.Build.0 = Release Loader|Win32
		{8B7F059F-E4C7-4E11-88F5-EE8B8433072E}.Boot|Win32.ActiveCfg = Release|Win32
		{8B7F059F-E4C7-4E11-88F5-EE8B8433072E}.Boot|Win32.Build.0 = Release|Win32
		{8B7F059F-E4C7-4E11-88F5-EE8B8433072E}.Driver Debug|Win32.ActiveCfg = Release|Win32
		{8B7F059F-E4C7-4E11-88F5-EE8B8433072E}.Driver x64 Debug|Win32.ActiveCfg = Release|Win32
		{8B7F059F-E4C7-4E11-88F5-EE8B8433072E}.Driver x64|Win32.ActiveCfg = Release|Win32
		{8B7F059F-E4C7-4E11-88F5-EE8B8433072E}.Driver x86 Debug|Win32.ActiveCfg = Release|Win32
		{8B7F059F-E4C7-4E11-88F5-EE8B8433072E}.Driver x86|Win32.ActiveCfg = Release|Win32
		{8B7F059F-E4C7-4E11-88F5-EE8B8433072E}.Driver|Win32.ActiveCfg = Release|Win32
		{8B7F059F-E4C7-4E11-88F5-EE8B8433072E}.Format Debug|Win32.ActiveCfg = Release|Win32
		{8B7F059F-E4C7-4E11-88F5-EE8B8433072E}.Format|Win32.ActiveCfg = Release|Win32
		{8B7F059F-E4C7-4E11-88F5-EE8B8433072E}.Mount Debug|Win32.ActiveCfg = Release|Win32
		{8B7F059F-E4C7-4E11-88F5-EE8B8433072E}.Mount|Win32.ActiveCfg = Release|Win32
		{8B7F059F-E4C7-4E11-88F5-EE8B8433072E}.Setup Debug|Win32.ActiveCfg = Release|Win32
		{8B7F059F-E4C7-4E11-88F5-EE8B8433072E}.Setup|Win32.ActiveCfg = Release|Win32
	EndGlobalSection
	GlobalSection(SolutionProperties) = preSolution
		HideSolutionNode = FALSE
	EndGlobalSection
EndGlobal
