Microsoft Visual Studio Solution File, Format Version 11.00
# Visual Studio 2010
Project("{8BC9CEB8-8B4A-11D0-8D11-00A0C91BC942}") = "Crypto", "Crypto\Crypto.vcxproj", "{993245CF-6B70-47EE-91BB-39F8FC6DC0E7}"
EndProject
Project("{8BC9CEB8-8B4A-11D0-8D11-00A0C91BC942}") = "Driver", "Driver\Driver.vcxproj", "{EF5EF444-18D0-40D7-8DFA-775EC4448602}"
EndProject
Project("{8BC9CEB8-8B4A-11D0-8D11-00A0C91BC942}") = "Format", "Format\Format.vcxproj", "{9DC1ABE2-D18B-48FB-81D2-8C50ADC57BCF}"
	ProjectSection(ProjectDependencies) = postProject
		{6316EE71-0210-4CA4-BCC7-CFB7A3C090FC} = {6316EE71-0210-4CA4-BCC7-CFB7A3C090FC}
	EndProjectSection
EndProject
Project("{8BC9CEB8-8B4A-11D0-8D11-00A0C91BC942}") = "Mount", "Mount\Mount.vcxproj", "{E4C40F94-E7F9-4981-86E4-186B46F993F3}"
	ProjectSection(ProjectDependencies) = postProject
		{6316EE71-0210-4CA4-BCC7-CFB7A3C090FC} = {6316EE71-0210-4CA4-BCC7-CFB7A3C090FC}
	EndProjectSection
EndProject
Project("{8BC9CEB8-8B4A-11D0-8D11-00A0C91BC942}") = "Setup", "Setup\Setup.vcxproj", "{DF5F654D-BD44-4E31-B92E-B68074DC37A8}"
	ProjectSection(ProjectDependencies) = postProject
		{6316EE71-0210-4CA4-BCC7-CFB7A3C090FC} = {6316EE71-0210-4CA4-BCC7-CFB7A3C090FC}
	EndProjectSection
EndProject
Project("{8BC9CEB8-8B4A-11D0-8D11-00A0C91BC942}") = "Boot", "Boot\Windows\Boot.vcxproj", "{8B7F059F-E4C7-4E11-88F5-EE8B8433072E}"
EndProject
Project("{8BC9CEB8-8B4A-11D0-8D11-00A0C91BC942}") = "ExpandVolume", "ExpandVolume\ExpandVolume.vcxproj", "{9715FF1D-599B-4BBC-AD96-BEF6E08FF827}"
	ProjectSection(ProjectDependencies) = postProject
		{6316EE71-0210-4CA4-BCC7-CFB7A3C090FC} = {6316EE71-0210-4CA4-BCC7-CFB7A3C090FC}
	EndProjectSection
EndProject
Project("{8BC9CEB8-8B4A-11D0-8D11-00A0C91BC942}") = "Zip", "Common\Zip.vcxproj", "{6316EE71-0210-4CA4-BCC7-CFB7A3C090FC}"
EndProject
Project("{8BC9CEB8-8B4A-11D0-8D11-00A0C91BC942}") = "Portable", "Setup\Portable.vcxproj", "{60698D56-DB83-4D19-9C87-9DFB6A6F8C87}"
	ProjectSection(ProjectDependencies) = postProject
		{6316EE71-0210-4CA4-BCC7-CFB7A3C090FC} = {6316EE71-0210-4CA4-BCC7-CFB7A3C090FC}
	EndProjectSection
EndProject
Global
	GlobalSection(SolutionConfigurationPlatforms) = preSolution
		All Debug|Win32 = All Debug|Win32
		All Debug|x64 = All Debug|x64
		All|Win32 = All|Win32
		All|x64 = All|x64
		Boot Loader|Win32 = Boot Loader|Win32
		Boot Loader|x64 = Boot Loader|x64
		Boot|Win32 = Boot|Win32
		Boot|x64 = Boot|x64
		Debug|Win32 = Debug|Win32
		Debug|x64 = Debug|x64
		Driver Debug|Win32 = Driver Debug|Win32
		Driver Debug|x64 = Driver Debug|x64
		Driver x64 Debug|Win32 = Driver x64 Debug|Win32
		Driver x64 Debug|x64 = Driver x64 Debug|x64
		Driver x64|Win32 = Driver x64|Win32
		Driver x64|x64 = Driver x64|x64
		Driver x86 Debug|Win32 = Driver x86 Debug|Win32
		Driver x86 Debug|x64 = Driver x86 Debug|x64
		Driver x86|Win32 = Driver x86|Win32
		Driver x86|x64 = Driver x86|x64
		Driver|Win32 = Driver|Win32
		Driver|x64 = Driver|x64
		Format Debug|Win32 = Format Debug|Win32
		Format Debug|x64 = Format Debug|x64
		Format|Win32 = Format|Win32
		Format|x64 = Format|x64
		Mount Debug|Win32 = Mount Debug|Win32
		Mount Debug|x64 = Mount Debug|x64
		Mount|Win32 = Mount|Win32
		Mount|x64 = Mount|x64
		Portable Debug|Win32 = Portable Debug|Win32
		Portable Debug|x64 = Portable Debug|x64
		Portable|Win32 = Portable|Win32
		Portable|x64 = Portable|x64
		Release|Win32 = Release|Win32
		Release|x64 = Release|x64
		Setup Debug|Win32 = Setup Debug|Win32
		Setup Debug|x64 = Setup Debug|x64
		Setup|Win32 = Setup|Win32
		Setup|x64 = Setup|x64
	EndGlobalSection
	GlobalSection(ProjectConfigurationPlatforms) = postSolution
		{993245CF-6B70-47EE-91BB-39F8FC6DC0E7}.All Debug|Win32.ActiveCfg = Debug|Win32
		{993245CF-6B70-47EE-91BB-39F8FC6DC0E7}.All Debug|Win32.Build.0 = Debug|Win32
		{993245CF-6B70-47EE-91BB-39F8FC6DC0E7}.All Debug|x64.ActiveCfg = Debug|x64
		{993245CF-6B70-47EE-91BB-39F8FC6DC0E7}.All Debug|x64.Build.0 = Debug|x64
		{993245CF-6B70-47EE-91BB-39F8FC6DC0E7}.All|Win32.ActiveCfg = Release|Win32
		{993245CF-6B70-47EE-91BB-39F8FC6DC0E7}.All|Win32.Build.0 = Release|Win32
		{993245CF-6B70-47EE-91BB-39F8FC6DC0E7}.All|x64.ActiveCfg = Release|x64
		{993245CF-6B70-47EE-91BB-39F8FC6DC0E7}.All|x64.Build.0 = Release|x64
		{993245CF-6B70-47EE-91BB-39F8FC6DC0E7}.Boot Loader|Win32.ActiveCfg = Release|Win32
		{993245CF-6B70-47EE-91BB-39F8FC6DC0E7}.Boot Loader|x64.ActiveCfg = Release|x64
		{993245CF-6B70-47EE-91BB-39F8FC6DC0E7}.Boot Loader|x64.Build.0 = Release|x64
		{993245CF-6B70-47EE-91BB-39F8FC6DC0E7}.Boot|Win32.ActiveCfg = Release|Win32
		{993245CF-6B70-47EE-91BB-39F8FC6DC0E7}.Boot|x64.ActiveCfg = Release|x64
		{993245CF-6B70-47EE-91BB-39F8FC6DC0E7}.Boot|x64.Build.0 = Release|x64
		{993245CF-6B70-47EE-91BB-39F8FC6DC0E7}.Debug|Win32.ActiveCfg = Debug|Win32
		{993245CF-6B70-47EE-91BB-39F8FC6DC0E7}.Debug|Win32.Build.0 = Debug|Win32
		{993245CF-6B70-47EE-91BB-39F8FC6DC0E7}.Debug|x64.ActiveCfg = Debug|x64
		{993245CF-6B70-47EE-91BB-39F8FC6DC0E7}.Debug|x64.Build.0 = Debug|x64
		{993245CF-6B70-47EE-91BB-39F8FC6DC0E7}.Driver Debug|Win32.ActiveCfg = Debug|Win32
		{993245CF-6B70-47EE-91BB-39F8FC6DC0E7}.Driver Debug|x64.ActiveCfg = Debug|x64
		{993245CF-6B70-47EE-91BB-39F8FC6DC0E7}.Driver Debug|x64.Build.0 = Debug|x64
		{993245CF-6B70-47EE-91BB-39F8FC6DC0E7}.Driver x64 Debug|Win32.ActiveCfg = Debug|Win32
		{993245CF-6B70-47EE-91BB-39F8FC6DC0E7}.Driver x64 Debug|x64.ActiveCfg = Debug|x64
		{993245CF-6B70-47EE-91BB-39F8FC6DC0E7}.Driver x64 Debug|x64.Build.0 = Debug|x64
		{993245CF-6B70-47EE-91BB-39F8FC6DC0E7}.Driver x64|Win32.ActiveCfg = Release|Win32
		{993245CF-6B70-47EE-91BB-39F8FC6DC0E7}.Driver x64|x64.ActiveCfg = Debug|x64
		{993245CF-6B70-47EE-91BB-39F8FC6DC0E7}.Driver x64|x64.Build.0 = Debug|x64
		{993245CF-6B70-47EE-91BB-39F8FC6DC0E7}.Driver x86 Debug|Win32.ActiveCfg = Debug|Win32
		{993245CF-6B70-47EE-91BB-39F8FC6DC0E7}.Driver x86 Debug|x64.ActiveCfg = Debug|x64
		{993245CF-6B70-47EE-91BB-39F8FC6DC0E7}.Driver x86 Debug|x64.Build.0 = Debug|x64
		{993245CF-6B70-47EE-91BB-39F8FC6DC0E7}.Driver x86|Win32.ActiveCfg = Release|Win32
		{993245CF-6B70-47EE-91BB-39F8FC6DC0E7}.Driver x86|x64.ActiveCfg = Debug|x64
		{993245CF-6B70-47EE-91BB-39F8FC6DC0E7}.Driver x86|x64.Build.0 = Debug|x64
		{993245CF-6B70-47EE-91BB-39F8FC6DC0E7}.Driver|Win32.ActiveCfg = Release|Win32
		{993245CF-6B70-47EE-91BB-39F8FC6DC0E7}.Driver|x64.ActiveCfg = Debug|x64
		{993245CF-6B70-47EE-91BB-39F8FC6DC0E7}.Driver|x64.Build.0 = Debug|x64
		{993245CF-6B70-47EE-91BB-39F8FC6DC0E7}.Format Debug|Win32.ActiveCfg = Debug|Win32
		{993245CF-6B70-47EE-91BB-39F8FC6DC0E7}.Format Debug|Win32.Build.0 = Debug|Win32
		{993245CF-6B70-47EE-91BB-39F8FC6DC0E7}.Format Debug|x64.ActiveCfg = Debug|x64
		{993245CF-6B70-47EE-91BB-39F8FC6DC0E7}.Format Debug|x64.Build.0 = Debug|x64
		{993245CF-6B70-47EE-91BB-39F8FC6DC0E7}.Format|Win32.ActiveCfg = Release|Win32
		{993245CF-6B70-47EE-91BB-39F8FC6DC0E7}.Format|Win32.Build.0 = Release|Win32
		{993245CF-6B70-47EE-91BB-39F8FC6DC0E7}.Format|x64.ActiveCfg = Release|x64
		{993245CF-6B70-47EE-91BB-39F8FC6DC0E7}.Format|x64.Build.0 = Release|x64
		{993245CF-6B70-47EE-91BB-39F8FC6DC0E7}.Mount Debug|Win32.ActiveCfg = Debug|Win32
		{993245CF-6B70-47EE-91BB-39F8FC6DC0E7}.Mount Debug|Win32.Build.0 = Debug|Win32
		{993245CF-6B70-47EE-91BB-39F8FC6DC0E7}.Mount Debug|x64.ActiveCfg = Debug|x64
		{993245CF-6B70-47EE-91BB-39F8FC6DC0E7}.Mount Debug|x64.Build.0 = Debug|x64
		{993245CF-6B70-47EE-91BB-39F8FC6DC0E7}.Mount|Win32.ActiveCfg = Release|Win32
		{993245CF-6B70-47EE-91BB-39F8FC6DC0E7}.Mount|Win32.Build.0 = Release|Win32
		{993245CF-6B70-47EE-91BB-39F8FC6DC0E7}.Mount|x64.ActiveCfg = Release|x64
		{993245CF-6B70-47EE-91BB-39F8FC6DC0E7}.Mount|x64.Build.0 = Release|x64
		{993245CF-6B70-47EE-91BB-39F8FC6DC0E7}.Portable Debug|Win32.ActiveCfg = Debug|Win32
		{993245CF-6B70-47EE-91BB-39F8FC6DC0E7}.Portable Debug|x64.ActiveCfg = Debug|x64
		{993245CF-6B70-47EE-91BB-39F8FC6DC0E7}.Portable Debug|x64.Build.0 = Debug|x64
		{993245CF-6B70-47EE-91BB-39F8FC6DC0E7}.Portable|Win32.ActiveCfg = Release|Win32
		{993245CF-6B70-47EE-91BB-39F8FC6DC0E7}.Portable|x64.ActiveCfg = Release|x64
		{993245CF-6B70-47EE-91BB-39F8FC6DC0E7}.Portable|x64.Build.0 = Release|x64
		{993245CF-6B70-47EE-91BB-39F8FC6DC0E7}.Release|Win32.ActiveCfg = Release|Win32
		{993245CF-6B70-47EE-91BB-39F8FC6DC0E7}.Release|Win32.Build.0 = Release|Win32
		{993245CF-6B70-47EE-91BB-39F8FC6DC0E7}.Release|x64.ActiveCfg = Release|x64
		{993245CF-6B70-47EE-91BB-39F8FC6DC0E7}.Release|x64.Build.0 = Release|x64
		{993245CF-6B70-47EE-91BB-39F8FC6DC0E7}.Setup Debug|Win32.ActiveCfg = Debug|Win32
		{993245CF-6B70-47EE-91BB-39F8FC6DC0E7}.Setup Debug|x64.ActiveCfg = Debug|x64
		{993245CF-6B70-47EE-91BB-39F8FC6DC0E7}.Setup Debug|x64.Build.0 = Debug|x64
		{993245CF-6B70-47EE-91BB-39F8FC6DC0E7}.Setup|Win32.ActiveCfg = Release|Win32
		{993245CF-6B70-47EE-91BB-39F8FC6DC0E7}.Setup|x64.ActiveCfg = Release|x64
		{993245CF-6B70-47EE-91BB-39F8FC6DC0E7}.Setup|x64.Build.0 = Release|x64
		{EF5EF444-18D0-40D7-8DFA-775EC4448602}.All Debug|Win32.ActiveCfg = Debug|Win32
		{EF5EF444-18D0-40D7-8DFA-775EC4448602}.All Debug|Win32.Build.0 = Debug|Win32
		{EF5EF444-18D0-40D7-8DFA-775EC4448602}.All Debug|x64.ActiveCfg = Debug|Win32
		{EF5EF444-18D0-40D7-8DFA-775EC4448602}.All|Win32.ActiveCfg = Release|Win32
		{EF5EF444-18D0-40D7-8DFA-775EC4448602}.All|Win32.Build.0 = Release|Win32
		{EF5EF444-18D0-40D7-8DFA-775EC4448602}.All|x64.ActiveCfg = Release|Win32
		{EF5EF444-18D0-40D7-8DFA-775EC4448602}.Boot Loader|Win32.ActiveCfg = Release|Win32
		{EF5EF444-18D0-40D7-8DFA-775EC4448602}.Boot Loader|x64.ActiveCfg = Debug x64|Win32
		{EF5EF444-18D0-40D7-8DFA-775EC4448602}.Boot|Win32.ActiveCfg = Release|Win32
		{EF5EF444-18D0-40D7-8DFA-775EC4448602}.Boot|x64.ActiveCfg = Release|Win32
		{EF5EF444-18D0-40D7-8DFA-775EC4448602}.Debug|Win32.ActiveCfg = Debug|Win32
		{EF5EF444-18D0-40D7-8DFA-775EC4448602}.Debug|Win32.Build.0 = Debug|Win32
		{EF5EF444-18D0-40D7-8DFA-775EC4448602}.Debug|x64.ActiveCfg = Debug|Win32
		{EF5EF444-18D0-40D7-8DFA-775EC4448602}.Driver Debug|Win32.ActiveCfg = Debug|Win32
		{EF5EF444-18D0-40D7-8DFA-775EC4448602}.Driver Debug|Win32.Build.0 = Debug|Win32
		{EF5EF444-18D0-40D7-8DFA-775EC4448602}.Driver Debug|x64.ActiveCfg = Debug|Win32
		{EF5EF444-18D0-40D7-8DFA-775EC4448602}.Driver x64 Debug|Win32.ActiveCfg = Debug x64|Win32
		{EF5EF444-18D0-40D7-8DFA-775EC4448602}.Driver x64 Debug|Win32.Build.0 = Debug x64|Win32
		{EF5EF444-18D0-40D7-8DFA-775EC4448602}.Driver x64 Debug|x64.ActiveCfg = Debug|Win32
		{EF5EF444-18D0-40D7-8DFA-775EC4448602}.Driver x64|Win32.ActiveCfg = Release x64|Win32
		{EF5EF444-18D0-40D7-8DFA-775EC4448602}.Driver x64|Win32.Build.0 = Release x64|Win32
		{EF5EF444-18D0-40D7-8DFA-775EC4448602}.Driver x64|x64.ActiveCfg = Debug x64|Win32
		{EF5EF444-18D0-40D7-8DFA-775EC4448602}.Driver x86 Debug|Win32.ActiveCfg = Debug x86|Win32
		{EF5EF444-18D0-40D7-8DFA-775EC4448602}.Driver x86 Debug|Win32.Build.0 = Debug x86|Win32
		{EF5EF444-18D0-40D7-8DFA-775EC4448602}.Driver x86 Debug|x64.ActiveCfg = Debug|Win32
		{EF5EF444-18D0-40D7-8DFA-775EC4448602}.Driver x86|Win32.ActiveCfg = Release x86|Win32
		{EF5EF444-18D0-40D7-8DFA-775EC4448602}.Driver x86|Win32.Build.0 = Release x86|Win32
		{EF5EF444-18D0-40D7-8DFA-775EC4448602}.Driver x86|x64.ActiveCfg = Debug x64|Win32
		{EF5EF444-18D0-40D7-8DFA-775EC4448602}.Driver|Win32.ActiveCfg = Release|Win32
		{EF5EF444-18D0-40D7-8DFA-775EC4448602}.Driver|Win32.Build.0 = Release|Win32
		{EF5EF444-18D0-40D7-8DFA-775EC4448602}.Driver|x64.ActiveCfg = Debug x64|Win32
		{EF5EF444-18D0-40D7-8DFA-775EC4448602}.Format Debug|Win32.ActiveCfg = Debug|Win32
		{EF5EF444-18D0-40D7-8DFA-775EC4448602}.Format Debug|x64.ActiveCfg = Debug|Win32
		{EF5EF444-18D0-40D7-8DFA-775EC4448602}.Format|Win32.ActiveCfg = Release|Win32
		{EF5EF444-18D0-40D7-8DFA-775EC4448602}.Format|x64.ActiveCfg = Debug x64|Win32
		{EF5EF444-18D0-40D7-8DFA-775EC4448602}.Mount Debug|Win32.ActiveCfg = Debug|Win32
		{EF5EF444-18D0-40D7-8DFA-775EC4448602}.Mount Debug|x64.ActiveCfg = Debug|Win32
		{EF5EF444-18D0-40D7-8DFA-775EC4448602}.Mount|Win32.ActiveCfg = Release|Win32
		{EF5EF444-18D0-40D7-8DFA-775EC4448602}.Mount|x64.ActiveCfg = Debug x64|Win32
		{EF5EF444-18D0-40D7-8DFA-775EC4448602}.Portable Debug|Win32.ActiveCfg = Debug|Win32
		{EF5EF444-18D0-40D7-8DFA-775EC4448602}.Portable Debug|x64.ActiveCfg = Debug|Win32
		{EF5EF444-18D0-40D7-8DFA-775EC4448602}.Portable|Win32.ActiveCfg = Release|Win32
		{EF5EF444-18D0-40D7-8DFA-775EC4448602}.Portable|x64.ActiveCfg = Debug x64|Win32
		{EF5EF444-18D0-40D7-8DFA-775EC4448602}.Release|Win32.ActiveCfg = Release|Win32
		{EF5EF444-18D0-40D7-8DFA-775EC4448602}.Release|Win32.Build.0 = Release|Win32
		{EF5EF444-18D0-40D7-8DFA-775EC4448602}.Release|x64.ActiveCfg = Release|Win32
		{EF5EF444-18D0-40D7-8DFA-775EC4448602}.Setup Debug|Win32.ActiveCfg = Debug|Win32
		{EF5EF444-18D0-40D7-8DFA-775EC4448602}.Setup Debug|x64.ActiveCfg = Debug|Win32
		{EF5EF444-18D0-40D7-8DFA-775EC4448602}.Setup|Win32.ActiveCfg = Release|Win32
		{EF5EF444-18D0-40D7-8DFA-775EC4448602}.Setup|x64.ActiveCfg = Debug x64|Win32
		{9DC1ABE2-D18B-48FB-81D2-8C50ADC57BCF}.All Debug|Win32.ActiveCfg = Debug|Win32
		{9DC1ABE2-D18B-48FB-81D2-8C50ADC57BCF}.All Debug|Win32.Build.0 = Debug|Win32
		{9DC1ABE2-D18B-48FB-81D2-8C50ADC57BCF}.All Debug|x64.ActiveCfg = Debug|x64
		{9DC1ABE2-D18B-48FB-81D2-8C50ADC57BCF}.All Debug|x64.Build.0 = Debug|x64
		{9DC1ABE2-D18B-48FB-81D2-8C50ADC57BCF}.All|Win32.ActiveCfg = Release|Win32
		{9DC1ABE2-D18B-48FB-81D2-8C50ADC57BCF}.All|Win32.Build.0 = Release|Win32
		{9DC1ABE2-D18B-48FB-81D2-8C50ADC57BCF}.All|x64.ActiveCfg = Release|x64
		{9DC1ABE2-D18B-48FB-81D2-8C50ADC57BCF}.All|x64.Build.0 = Release|x64
		{9DC1ABE2-D18B-48FB-81D2-8C50ADC57BCF}.Boot Loader|Win32.ActiveCfg = Release|Win32
		{9DC1ABE2-D18B-48FB-81D2-8C50ADC57BCF}.Boot Loader|x64.ActiveCfg = Release|x64
		{9DC1ABE2-D18B-48FB-81D2-8C50ADC57BCF}.Boot Loader|x64.Build.0 = Release|x64
		{9DC1ABE2-D18B-48FB-81D2-8C50ADC57BCF}.Boot|Win32.ActiveCfg = Release|Win32
		{9DC1ABE2-D18B-48FB-81D2-8C50ADC57BCF}.Boot|x64.ActiveCfg = Release|x64
		{9DC1ABE2-D18B-48FB-81D2-8C50ADC57BCF}.Boot|x64.Build.0 = Release|x64
		{9DC1ABE2-D18B-48FB-81D2-8C50ADC57BCF}.Debug|Win32.ActiveCfg = Debug|Win32
		{9DC1ABE2-D18B-48FB-81D2-8C50ADC57BCF}.Debug|Win32.Build.0 = Debug|Win32
		{9DC1ABE2-D18B-48FB-81D2-8C50ADC57BCF}.Debug|x64.ActiveCfg = Debug|x64
		{9DC1ABE2-D18B-48FB-81D2-8C50ADC57BCF}.Debug|x64.Build.0 = Debug|x64
		{9DC1ABE2-D18B-48FB-81D2-8C50ADC57BCF}.Driver Debug|Win32.ActiveCfg = Debug|Win32
		{9DC1ABE2-D18B-48FB-81D2-8C50ADC57BCF}.Driver Debug|x64.ActiveCfg = Debug|x64
		{9DC1ABE2-D18B-48FB-81D2-8C50ADC57BCF}.Driver Debug|x64.Build.0 = Debug|x64
		{9DC1ABE2-D18B-48FB-81D2-8C50ADC57BCF}.Driver x64 Debug|Win32.ActiveCfg = Debug|Win32
		{9DC1ABE2-D18B-48FB-81D2-8C50ADC57BCF}.Driver x64 Debug|x64.ActiveCfg = Debug|x64
		{9DC1ABE2-D18B-48FB-81D2-8C50ADC57BCF}.Driver x64 Debug|x64.Build.0 = Debug|x64
		{9DC1ABE2-D18B-48FB-81D2-8C50ADC57BCF}.Driver x64|Win32.ActiveCfg = Release|Win32
		{9DC1ABE2-D18B-48FB-81D2-8C50ADC57BCF}.Driver x64|x64.ActiveCfg = Debug|x64
		{9DC1ABE2-D18B-48FB-81D2-8C50ADC57BCF}.Driver x64|x64.Build.0 = Debug|x64
		{9DC1ABE2-D18B-48FB-81D2-8C50ADC57BCF}.Driver x86 Debug|Win32.ActiveCfg = Debug|Win32
		{9DC1ABE2-D18B-48FB-81D2-8C50ADC57BCF}.Driver x86 Debug|x64.ActiveCfg = Debug|x64
		{9DC1ABE2-D18B-48FB-81D2-8C50ADC57BCF}.Driver x86 Debug|x64.Build.0 = Debug|x64
		{9DC1ABE2-D18B-48FB-81D2-8C50ADC57BCF}.Driver x86|Win32.ActiveCfg = Release|Win32
		{9DC1ABE2-D18B-48FB-81D2-8C50ADC57BCF}.Driver x86|x64.ActiveCfg = Debug|x64
		{9DC1ABE2-D18B-48FB-81D2-8C50ADC57BCF}.Driver x86|x64.Build.0 = Debug|x64
		{9DC1ABE2-D18B-48FB-81D2-8C50ADC57BCF}.Driver|Win32.ActiveCfg = Release|Win32
		{9DC1ABE2-D18B-48FB-81D2-8C50ADC57BCF}.Driver|x64.ActiveCfg = Debug|x64
		{9DC1ABE2-D18B-48FB-81D2-8C50ADC57BCF}.Driver|x64.Build.0 = Debug|x64
		{9DC1ABE2-D18B-48FB-81D2-8C50ADC57BCF}.Format Debug|Win32.ActiveCfg = Debug|Win32
		{9DC1ABE2-D18B-48FB-81D2-8C50ADC57BCF}.Format Debug|Win32.Build.0 = Debug|Win32
		{9DC1ABE2-D18B-48FB-81D2-8C50ADC57BCF}.Format Debug|x64.ActiveCfg = Debug|x64
		{9DC1ABE2-D18B-48FB-81D2-8C50ADC57BCF}.Format Debug|x64.Build.0 = Debug|x64
		{9DC1ABE2-D18B-48FB-81D2-8C50ADC57BCF}.Format|Win32.ActiveCfg = Release|Win32
		{9DC1ABE2-D18B-48FB-81D2-8C50ADC57BCF}.Format|Win32.Build.0 = Release|Win32
		{9DC1ABE2-D18B-48FB-81D2-8C50ADC57BCF}.Format|x64.ActiveCfg = Release|x64
		{9DC1ABE2-D18B-48FB-81D2-8C50ADC57BCF}.Format|x64.Build.0 = Release|x64
		{9DC1ABE2-D18B-48FB-81D2-8C50ADC57BCF}.Mount Debug|Win32.ActiveCfg = Debug|Win32
		{9DC1ABE2-D18B-48FB-81D2-8C50ADC57BCF}.Mount Debug|x64.ActiveCfg = Debug|x64
		{9DC1ABE2-D18B-48FB-81D2-8C50ADC57BCF}.Mount Debug|x64.Build.0 = Debug|x64
		{9DC1ABE2-D18B-48FB-81D2-8C50ADC57BCF}.Mount|Win32.ActiveCfg = Release|Win32
		{9DC1ABE2-D18B-48FB-81D2-8C50ADC57BCF}.Mount|x64.ActiveCfg = Release|x64
		{9DC1ABE2-D18B-48FB-81D2-8C50ADC57BCF}.Mount|x64.Build.0 = Release|x64
		{9DC1ABE2-D18B-48FB-81D2-8C50ADC57BCF}.Portable Debug|Win32.ActiveCfg = Debug|Win32
		{9DC1ABE2-D18B-48FB-81D2-8C50ADC57BCF}.Portable Debug|x64.ActiveCfg = Debug|x64
		{9DC1ABE2-D18B-48FB-81D2-8C50ADC57BCF}.Portable Debug|x64.Build.0 = Debug|x64
		{9DC1ABE2-D18B-48FB-81D2-8C50ADC57BCF}.Portable|Win32.ActiveCfg = Release|Win32
		{9DC1ABE2-D18B-48FB-81D2-8C50ADC57BCF}.Portable|x64.ActiveCfg = Release|x64
		{9DC1ABE2-D18B-48FB-81D2-8C50ADC57BCF}.Portable|x64.Build.0 = Release|x64
		{9DC1ABE2-D18B-48FB-81D2-8C50ADC57BCF}.Release|Win32.ActiveCfg = Release|Win32
		{9DC1ABE2-D18B-48FB-81D2-8C50ADC57BCF}.Release|Win32.Build.0 = Release|Win32
		{9DC1ABE2-D18B-48FB-81D2-8C50ADC57BCF}.Release|x64.ActiveCfg = Release|x64
		{9DC1ABE2-D18B-48FB-81D2-8C50ADC57BCF}.Release|x64.Build.0 = Release|x64
		{9DC1ABE2-D18B-48FB-81D2-8C50ADC57BCF}.Setup Debug|Win32.ActiveCfg = Debug|Win32
		{9DC1ABE2-D18B-48FB-81D2-8C50ADC57BCF}.Setup Debug|x64.ActiveCfg = Debug|x64
		{9DC1ABE2-D18B-48FB-81D2-8C50ADC57BCF}.Setup Debug|x64.Build.0 = Debug|x64
		{9DC1ABE2-D18B-48FB-81D2-8C50ADC57BCF}.Setup|Win32.ActiveCfg = Release|Win32
		{9DC1ABE2-D18B-48FB-81D2-8C50ADC57BCF}.Setup|x64.ActiveCfg = Release|x64
		{9DC1ABE2-D18B-48FB-81D2-8C50ADC57BCF}.Setup|x64.Build.0 = Release|x64
		{E4C40F94-E7F9-4981-86E4-186B46F993F3}.All Debug|Win32.ActiveCfg = Debug|Win32
		{E4C40F94-E7F9-4981-86E4-186B46F993F3}.All Debug|Win32.Build.0 = Debug|Win32
		{E4C40F94-E7F9-4981-86E4-186B46F993F3}.All Debug|x64.ActiveCfg = Debug|x64
		{E4C40F94-E7F9-4981-86E4-186B46F993F3}.All Debug|x64.Build.0 = Debug|x64
		{E4C40F94-E7F9-4981-86E4-186B46F993F3}.All|Win32.ActiveCfg = Release|Win32
		{E4C40F94-E7F9-4981-86E4-186B46F993F3}.All|Win32.Build.0 = Release|Win32
		{E4C40F94-E7F9-4981-86E4-186B46F993F3}.All|x64.ActiveCfg = Release|x64
		{E4C40F94-E7F9-4981-86E4-186B46F993F3}.All|x64.Build.0 = Release|x64
		{E4C40F94-E7F9-4981-86E4-186B46F993F3}.Boot Loader|Win32.ActiveCfg = Release|Win32
		{E4C40F94-E7F9-4981-86E4-186B46F993F3}.Boot Loader|x64.ActiveCfg = Release|x64
		{E4C40F94-E7F9-4981-86E4-186B46F993F3}.Boot Loader|x64.Build.0 = Release|x64
		{E4C40F94-E7F9-4981-86E4-186B46F993F3}.Boot|Win32.ActiveCfg = Release|Win32
		{E4C40F94-E7F9-4981-86E4-186B46F993F3}.Boot|x64.ActiveCfg = Release|x64
		{E4C40F94-E7F9-4981-86E4-186B46F993F3}.Boot|x64.Build.0 = Release|x64
		{E4C40F94-E7F9-4981-86E4-186B46F993F3}.Debug|Win32.ActiveCfg = Debug|Win32
		{E4C40F94-E7F9-4981-86E4-186B46F993F3}.Debug|Win32.Build.0 = Debug|Win32
		{E4C40F94-E7F9-4981-86E4-186B46F993F3}.Debug|x64.ActiveCfg = Debug|x64
		{E4C40F94-E7F9-4981-86E4-186B46F993F3}.Debug|x64.Build.0 = Debug|x64
		{E4C40F94-E7F9-4981-86E4-186B46F993F3}.Driver Debug|Win32.ActiveCfg = Debug|Win32
		{E4C40F94-E7F9-4981-86E4-186B46F993F3}.Driver Debug|x64.ActiveCfg = Debug|x64
		{E4C40F94-E7F9-4981-86E4-186B46F993F3}.Driver Debug|x64.Build.0 = Debug|x64
		{E4C40F94-E7F9-4981-86E4-186B46F993F3}.Driver x64 Debug|Win32.ActiveCfg = Debug|Win32
		{E4C40F94-E7F9-4981-86E4-186B46F993F3}.Driver x64 Debug|x64.ActiveCfg = Debug|x64
		{E4C40F94-E7F9-4981-86E4-186B46F993F3}.Driver x64 Debug|x64.Build.0 = Debug|x64
		{E4C40F94-E7F9-4981-86E4-186B46F993F3}.Driver x64|Win32.ActiveCfg = Release|Win32
		{E4C40F94-E7F9-4981-86E4-186B46F993F3}.Driver x64|x64.ActiveCfg = Debug|x64
		{E4C40F94-E7F9-4981-86E4-186B46F993F3}.Driver x64|x64.Build.0 = Debug|x64
		{E4C40F94-E7F9-4981-86E4-186B46F993F3}.Driver x86 Debug|Win32.ActiveCfg = Debug|Win32
		{E4C40F94-E7F9-4981-86E4-186B46F993F3}.Driver x86 Debug|x64.ActiveCfg = Debug|x64
		{E4C40F94-E7F9-4981-86E4-186B46F993F3}.Driver x86 Debug|x64.Build.0 = Debug|x64
		{E4C40F94-E7F9-4981-86E4-186B46F993F3}.Driver x86|Win32.ActiveCfg = Release|Win32
		{E4C40F94-E7F9-4981-86E4-186B46F993F3}.Driver x86|x64.ActiveCfg = Debug|x64
		{E4C40F94-E7F9-4981-86E4-186B46F993F3}.Driver x86|x64.Build.0 = Debug|x64
		{E4C40F94-E7F9-4981-86E4-186B46F993F3}.Driver|Win32.ActiveCfg = Release|Win32
		{E4C40F94-E7F9-4981-86E4-186B46F993F3}.Driver|x64.ActiveCfg = Debug|x64
		{E4C40F94-E7F9-4981-86E4-186B46F993F3}.Driver|x64.Build.0 = Debug|x64
		{E4C40F94-E7F9-4981-86E4-186B46F993F3}.Format Debug|Win32.ActiveCfg = Debug|Win32
		{E4C40F94-E7F9-4981-86E4-186B46F993F3}.Format Debug|x64.ActiveCfg = Debug|x64
		{E4C40F94-E7F9-4981-86E4-186B46F993F3}.Format Debug|x64.Build.0 = Debug|x64
		{E4C40F94-E7F9-4981-86E4-186B46F993F3}.Format|Win32.ActiveCfg = Release|Win32
		{E4C40F94-E7F9-4981-86E4-186B46F993F3}.Format|x64.ActiveCfg = Release|x64
		{E4C40F94-E7F9-4981-86E4-186B46F993F3}.Format|x64.Build.0 = Release|x64
		{E4C40F94-E7F9-4981-86E4-186B46F993F3}.Mount Debug|Win32.ActiveCfg = Debug|Win32
		{E4C40F94-E7F9-4981-86E4-186B46F993F3}.Mount Debug|Win32.Build.0 = Debug|Win32
		{E4C40F94-E7F9-4981-86E4-186B46F993F3}.Mount Debug|x64.ActiveCfg = Debug|x64
		{E4C40F94-E7F9-4981-86E4-186B46F993F3}.Mount Debug|x64.Build.0 = Debug|x64
		{E4C40F94-E7F9-4981-86E4-186B46F993F3}.Mount|Win32.ActiveCfg = Release|Win32
		{E4C40F94-E7F9-4981-86E4-186B46F993F3}.Mount|Win32.Build.0 = Release|Win32
		{E4C40F94-E7F9-4981-86E4-186B46F993F3}.Mount|x64.ActiveCfg = Release|x64
		{E4C40F94-E7F9-4981-86E4-186B46F993F3}.Mount|x64.Build.0 = Release|x64
		{E4C40F94-E7F9-4981-86E4-186B46F993F3}.Portable Debug|Win32.ActiveCfg = Debug|Win32
		{E4C40F94-E7F9-4981-86E4-186B46F993F3}.Portable Debug|x64.ActiveCfg = Debug|x64
		{E4C40F94-E7F9-4981-86E4-186B46F993F3}.Portable Debug|x64.Build.0 = Debug|x64
		{E4C40F94-E7F9-4981-86E4-186B46F993F3}.Portable|Win32.ActiveCfg = Release|Win32
		{E4C40F94-E7F9-4981-86E4-186B46F993F3}.Portable|x64.ActiveCfg = Release|x64
		{E4C40F94-E7F9-4981-86E4-186B46F993F3}.Portable|x64.Build.0 = Release|x64
		{E4C40F94-E7F9-4981-86E4-186B46F993F3}.Release|Win32.ActiveCfg = Release|Win32
		{E4C40F94-E7F9-4981-86E4-186B46F993F3}.Release|Win32.Build.0 = Release|Win32
		{E4C40F94-E7F9-4981-86E4-186B46F993F3}.Release|x64.ActiveCfg = Release|x64
		{E4C40F94-E7F9-4981-86E4-186B46F993F3}.Release|x64.Build.0 = Release|x64
		{E4C40F94-E7F9-4981-86E4-186B46F993F3}.Setup Debug|Win32.ActiveCfg = Debug|Win32
		{E4C40F94-E7F9-4981-86E4-186B46F993F3}.Setup Debug|x64.ActiveCfg = Debug|x64
		{E4C40F94-E7F9-4981-86E4-186B46F993F3}.Setup Debug|x64.Build.0 = Debug|x64
		{E4C40F94-E7F9-4981-86E4-186B46F993F3}.Setup|Win32.ActiveCfg = Release|Win32
		{E4C40F94-E7F9-4981-86E4-186B46F993F3}.Setup|x64.ActiveCfg = Release|x64
		{E4C40F94-E7F9-4981-86E4-186B46F993F3}.Setup|x64.Build.0 = Release|x64
		{DF5F654D-BD44-4E31-B92E-B68074DC37A8}.All Debug|Win32.ActiveCfg = Debug|Win32
		{DF5F654D-BD44-4E31-B92E-B68074DC37A8}.All Debug|Win32.Build.0 = Debug|Win32
		{DF5F654D-BD44-4E31-B92E-B68074DC37A8}.All Debug|x64.ActiveCfg = Debug|Win32
		{DF5F654D-BD44-4E31-B92E-B68074DC37A8}.All|Win32.ActiveCfg = Release|Win32
		{DF5F654D-BD44-4E31-B92E-B68074DC37A8}.All|Win32.Build.0 = Release|Win32
		{DF5F654D-BD44-4E31-B92E-B68074DC37A8}.All|x64.ActiveCfg = Release|Win32
		{DF5F654D-BD44-4E31-B92E-B68074DC37A8}.Boot Loader|Win32.ActiveCfg = Release|Win32
		{DF5F654D-BD44-4E31-B92E-B68074DC37A8}.Boot Loader|x64.ActiveCfg = Release|Win32
		{DF5F654D-BD44-4E31-B92E-B68074DC37A8}.Boot|Win32.ActiveCfg = Release|Win32
		{DF5F654D-BD44-4E31-B92E-B68074DC37A8}.Boot|x64.ActiveCfg = Release|Win32
		{DF5F654D-BD44-4E31-B92E-B68074DC37A8}.Debug|Win32.ActiveCfg = Debug|Win32
		{DF5F654D-BD44-4E31-B92E-B68074DC37A8}.Debug|Win32.Build.0 = Debug|Win32
		{DF5F654D-BD44-4E31-B92E-B68074DC37A8}.Debug|x64.ActiveCfg = Debug|Win32
		{DF5F654D-BD44-4E31-B92E-B68074DC37A8}.Driver Debug|Win32.ActiveCfg = Debug|Win32
		{DF5F654D-BD44-4E31-B92E-B68074DC37A8}.Driver Debug|x64.ActiveCfg = Debug|Win32
		{DF5F654D-BD44-4E31-B92E-B68074DC37A8}.Driver x64 Debug|Win32.ActiveCfg = Debug|Win32
		{DF5F654D-BD44-4E31-B92E-B68074DC37A8}.Driver x64 Debug|x64.ActiveCfg = Debug|Win32
		{DF5F654D-BD44-4E31-B92E-B68074DC37A8}.Driver x64|Win32.ActiveCfg = Release|Win32
		{DF5F654D-BD44-4E31-B92E-B68074DC37A8}.Driver x64|x64.ActiveCfg = Debug|Win32
		{DF5F654D-BD44-4E31-B92E-B68074DC37A8}.Driver x86 Debug|Win32.ActiveCfg = Debug|Win32
		{DF5F654D-BD44-4E31-B92E-B68074DC37A8}.Driver x86 Debug|x64.ActiveCfg = Debug|Win32
		{DF5F654D-BD44-4E31-B92E-B68074DC37A8}.Driver x86|Win32.ActiveCfg = Release|Win32
		{DF5F654D-BD44-4E31-B92E-B68074DC37A8}.Driver x86|x64.ActiveCfg = Debug|Win32
		{DF5F654D-BD44-4E31-B92E-B68074DC37A8}.Driver|Win32.ActiveCfg = Release|Win32
		{DF5F654D-BD44-4E31-B92E-B68074DC37A8}.Driver|x64.ActiveCfg = Debug|Win32
		{DF5F654D-BD44-4E31-B92E-B68074DC37A8}.Format Debug|Win32.ActiveCfg = Debug|Win32
		{DF5F654D-BD44-4E31-B92E-B68074DC37A8}.Format Debug|x64.ActiveCfg = Debug|Win32
		{DF5F654D-BD44-4E31-B92E-B68074DC37A8}.Format|Win32.ActiveCfg = Release|Win32
		{DF5F654D-BD44-4E31-B92E-B68074DC37A8}.Format|x64.ActiveCfg = Release|Win32
		{DF5F654D-BD44-4E31-B92E-B68074DC37A8}.Mount Debug|Win32.ActiveCfg = Debug|Win32
		{DF5F654D-BD44-4E31-B92E-B68074DC37A8}.Mount Debug|x64.ActiveCfg = Debug|Win32
		{DF5F654D-BD44-4E31-B92E-B68074DC37A8}.Mount|Win32.ActiveCfg = Release|Win32
		{DF5F654D-BD44-4E31-B92E-B68074DC37A8}.Mount|x64.ActiveCfg = Release|Win32
		{DF5F654D-BD44-4E31-B92E-B68074DC37A8}.Portable Debug|Win32.ActiveCfg = Debug|Win32
		{DF5F654D-BD44-4E31-B92E-B68074DC37A8}.Portable Debug|Win32.Build.0 = Debug|Win32
		{DF5F654D-BD44-4E31-B92E-B68074DC37A8}.Portable Debug|x64.ActiveCfg = Debug|Win32
		{DF5F654D-BD44-4E31-B92E-B68074DC37A8}.Portable|Win32.ActiveCfg = Release|Win32
		{DF5F654D-BD44-4E31-B92E-B68074DC37A8}.Portable|Win32.Build.0 = Release|Win32
		{DF5F654D-BD44-4E31-B92E-B68074DC37A8}.Portable|x64.ActiveCfg = Release|Win32
		{DF5F654D-BD44-4E31-B92E-B68074DC37A8}.Release|Win32.ActiveCfg = Release|Win32
		{DF5F654D-BD44-4E31-B92E-B68074DC37A8}.Release|Win32.Build.0 = Release|Win32
		{DF5F654D-BD44-4E31-B92E-B68074DC37A8}.Release|x64.ActiveCfg = Release|Win32
		{DF5F654D-BD44-4E31-B92E-B68074DC37A8}.Setup Debug|Win32.ActiveCfg = Debug|Win32
		{DF5F654D-BD44-4E31-B92E-B68074DC37A8}.Setup Debug|Win32.Build.0 = Debug|Win32
		{DF5F654D-BD44-4E31-B92E-B68074DC37A8}.Setup Debug|x64.ActiveCfg = Debug|Win32
		{DF5F654D-BD44-4E31-B92E-B68074DC37A8}.Setup|Win32.ActiveCfg = Release|Win32
		{DF5F654D-BD44-4E31-B92E-B68074DC37A8}.Setup|Win32.Build.0 = Release|Win32
		{DF5F654D-BD44-4E31-B92E-B68074DC37A8}.Setup|x64.ActiveCfg = Release|Win32
		{8B7F059F-E4C7-4E11-88F5-EE8B8433072E}.All Debug|Win32.ActiveCfg = Release|Win32
		{8B7F059F-E4C7-4E11-88F5-EE8B8433072E}.All Debug|Win32.Build.0 = Release|Win32
		{8B7F059F-E4C7-4E11-88F5-EE8B8433072E}.All Debug|x64.ActiveCfg = Release Loader|Win32
		{8B7F059F-E4C7-4E11-88F5-EE8B8433072E}.All|Win32.ActiveCfg = Release|Win32
		{8B7F059F-E4C7-4E11-88F5-EE8B8433072E}.All|Win32.Build.0 = Release|Win32
		{8B7F059F-E4C7-4E11-88F5-EE8B8433072E}.All|x64.ActiveCfg = Release|Win32
		{8B7F059F-E4C7-4E11-88F5-EE8B8433072E}.Boot Loader|Win32.ActiveCfg = Release Loader|Win32
		{8B7F059F-E4C7-4E11-88F5-EE8B8433072E}.Boot Loader|Win32.Build.0 = Release Loader|Win32
		{8B7F059F-E4C7-4E11-88F5-EE8B8433072E}.Boot Loader|x64.ActiveCfg = Release Loader|Win32
		{8B7F059F-E4C7-4E11-88F5-EE8B8433072E}.Boot|Win32.ActiveCfg = Release|Win32
		{8B7F059F-E4C7-4E11-88F5-EE8B8433072E}.Boot|Win32.Build.0 = Release|Win32
		{8B7F059F-E4C7-4E11-88F5-EE8B8433072E}.Boot|x64.ActiveCfg = Release|Win32
		{8B7F059F-E4C7-4E11-88F5-EE8B8433072E}.Debug|Win32.ActiveCfg = Release Loader|Win32
		{8B7F059F-E4C7-4E11-88F5-EE8B8433072E}.Debug|Win32.Build.0 = Release Loader|Win32
		{8B7F059F-E4C7-4E11-88F5-EE8B8433072E}.Debug|x64.ActiveCfg = Release Loader|Win32
		{8B7F059F-E4C7-4E11-88F5-EE8B8433072E}.Driver Debug|Win32.ActiveCfg = Release|Win32
		{8B7F059F-E4C7-4E11-88F5-EE8B8433072E}.Driver Debug|x64.ActiveCfg = Release Loader|Win32
		{8B7F059F-E4C7-4E11-88F5-EE8B8433072E}.Driver x64 Debug|Win32.ActiveCfg = Release|Win32
		{8B7F059F-E4C7-4E11-88F5-EE8B8433072E}.Driver x64 Debug|x64.ActiveCfg = Release Loader|Win32
		{8B7F059F-E4C7-4E11-88F5-EE8B8433072E}.Driver x64|Win32.ActiveCfg = Release|Win32
		{8B7F059F-E4C7-4E11-88F5-EE8B8433072E}.Driver x64|x64.ActiveCfg = Release Loader|Win32
		{8B7F059F-E4C7-4E11-88F5-EE8B8433072E}.Driver x86 Debug|Win32.ActiveCfg = Release|Win32
		{8B7F059F-E4C7-4E11-88F5-EE8B8433072E}.Driver x86 Debug|x64.ActiveCfg = Release Loader|Win32
		{8B7F059F-E4C7-4E11-88F5-EE8B8433072E}.Driver x86|Win32.ActiveCfg = Release|Win32
		{8B7F059F-E4C7-4E11-88F5-EE8B8433072E}.Driver x86|x64.ActiveCfg = Release Loader|Win32
		{8B7F059F-E4C7-4E11-88F5-EE8B8433072E}.Driver|Win32.ActiveCfg = Release|Win32
		{8B7F059F-E4C7-4E11-88F5-EE8B8433072E}.Driver|x64.ActiveCfg = Release Loader|Win32
		{8B7F059F-E4C7-4E11-88F5-EE8B8433072E}.Format Debug|Win32.ActiveCfg = Release|Win32
		{8B7F059F-E4C7-4E11-88F5-EE8B8433072E}.Format Debug|x64.ActiveCfg = Release Loader|Win32
		{8B7F059F-E4C7-4E11-88F5-EE8B8433072E}.Format|Win32.ActiveCfg = Release|Win32
		{8B7F059F-E4C7-4E11-88F5-EE8B8433072E}.Format|x64.ActiveCfg = Release Loader|Win32
		{8B7F059F-E4C7-4E11-88F5-EE8B8433072E}.Mount Debug|Win32.ActiveCfg = Release|Win32
		{8B7F059F-E4C7-4E11-88F5-EE8B8433072E}.Mount Debug|x64.ActiveCfg = Release Loader|Win32
		{8B7F059F-E4C7-4E11-88F5-EE8B8433072E}.Mount|Win32.ActiveCfg = Release|Win32
		{8B7F059F-E4C7-4E11-88F5-EE8B8433072E}.Mount|x64.ActiveCfg = Release Loader|Win32
		{8B7F059F-E4C7-4E11-88F5-EE8B8433072E}.Portable Debug|Win32.ActiveCfg = Release|Win32
		{8B7F059F-E4C7-4E11-88F5-EE8B8433072E}.Portable Debug|x64.ActiveCfg = Release Loader|Win32
		{8B7F059F-E4C7-4E11-88F5-EE8B8433072E}.Portable|Win32.ActiveCfg = Release|Win32
		{8B7F059F-E4C7-4E11-88F5-EE8B8433072E}.Portable|x64.ActiveCfg = Release Loader|Win32
		{8B7F059F-E4C7-4E11-88F5-EE8B8433072E}.Release|Win32.ActiveCfg = Release|Win32
		{8B7F059F-E4C7-4E11-88F5-EE8B8433072E}.Release|Win32.Build.0 = Release|Win32
		{8B7F059F-E4C7-4E11-88F5-EE8B8433072E}.Release|x64.ActiveCfg = Release|Win32
		{8B7F059F-E4C7-4E11-88F5-EE8B8433072E}.Setup Debug|Win32.ActiveCfg = Release|Win32
		{8B7F059F-E4C7-4E11-88F5-EE8B8433072E}.Setup Debug|x64.ActiveCfg = Release Loader|Win32
		{8B7F059F-E4C7-4E11-88F5-EE8B8433072E}.Setup|Win32.ActiveCfg = Release|Win32
		{8B7F059F-E4C7-4E11-88F5-EE8B8433072E}.Setup|x64.ActiveCfg = Release Loader|Win32
		{9715FF1D-599B-4BBC-AD96-BEF6E08FF827}.All Debug|Win32.ActiveCfg = Debug|Win32
		{9715FF1D-599B-4BBC-AD96-BEF6E08FF827}.All Debug|Win32.Build.0 = Debug|Win32
		{9715FF1D-599B-4BBC-AD96-BEF6E08FF827}.All Debug|x64.ActiveCfg = Debug|x64
		{9715FF1D-599B-4BBC-AD96-BEF6E08FF827}.All Debug|x64.Build.0 = Debug|x64
		{9715FF1D-599B-4BBC-AD96-BEF6E08FF827}.All|Win32.ActiveCfg = Release|Win32
		{9715FF1D-599B-4BBC-AD96-BEF6E08FF827}.All|Win32.Build.0 = Release|Win32
		{9715FF1D-599B-4BBC-AD96-BEF6E08FF827}.All|x64.ActiveCfg = Release|x64
		{9715FF1D-599B-4BBC-AD96-BEF6E08FF827}.All|x64.Build.0 = Release|x64
		{9715FF1D-599B-4BBC-AD96-BEF6E08FF827}.Boot Loader|Win32.ActiveCfg = Release|Win32
		{9715FF1D-599B-4BBC-AD96-BEF6E08FF827}.Boot Loader|Win32.Build.0 = Release|Win32
		{9715FF1D-599B-4BBC-AD96-BEF6E08FF827}.Boot Loader|x64.ActiveCfg = Release|x64
		{9715FF1D-599B-4BBC-AD96-BEF6E08FF827}.Boot Loader|x64.Build.0 = Release|x64
		{9715FF1D-599B-4BBC-AD96-BEF6E08FF827}.Boot|Win32.ActiveCfg = Release|Win32
		{9715FF1D-599B-4BBC-AD96-BEF6E08FF827}.Boot|x64.ActiveCfg = Release|x64
		{9715FF1D-599B-4BBC-AD96-BEF6E08FF827}.Boot|x64.Build.0 = Release|x64
		{9715FF1D-599B-4BBC-AD96-BEF6E08FF827}.Debug|Win32.ActiveCfg = Debug|Win32
		{9715FF1D-599B-4BBC-AD96-BEF6E08FF827}.Debug|Win32.Build.0 = Debug|Win32
		{9715FF1D-599B-4BBC-AD96-BEF6E08FF827}.Debug|x64.ActiveCfg = Debug|x64
		{9715FF1D-599B-4BBC-AD96-BEF6E08FF827}.Debug|x64.Build.0 = Debug|x64
		{9715FF1D-599B-4BBC-AD96-BEF6E08FF827}.Driver Debug|Win32.ActiveCfg = Debug|Win32
		{9715FF1D-599B-4BBC-AD96-BEF6E08FF827}.Driver Debug|Win32.Build.0 = Debug|Win32
		{9715FF1D-599B-4BBC-AD96-BEF6E08FF827}.Driver Debug|x64.ActiveCfg = Debug|x64
		{9715FF1D-599B-4BBC-AD96-BEF6E08FF827}.Driver Debug|x64.Build.0 = Debug|x64
		{9715FF1D-599B-4BBC-AD96-BEF6E08FF827}.Driver x64 Debug|Win32.ActiveCfg = Debug|Win32
		{9715FF1D-599B-4BBC-AD96-BEF6E08FF827}.Driver x64 Debug|Win32.Build.0 = Debug|Win32
		{9715FF1D-599B-4BBC-AD96-BEF6E08FF827}.Driver x64 Debug|x64.ActiveCfg = Debug|x64
		{9715FF1D-599B-4BBC-AD96-BEF6E08FF827}.Driver x64 Debug|x64.Build.0 = Debug|x64
		{9715FF1D-599B-4BBC-AD96-BEF6E08FF827}.Driver x64|Win32.ActiveCfg = Debug|Win32
		{9715FF1D-599B-4BBC-AD96-BEF6E08FF827}.Driver x64|Win32.Build.0 = Debug|Win32
		{9715FF1D-599B-4BBC-AD96-BEF6E08FF827}.Driver x64|x64.ActiveCfg = Debug|x64
		{9715FF1D-599B-4BBC-AD96-BEF6E08FF827}.Driver x64|x64.Build.0 = Debug|x64
		{9715FF1D-599B-4BBC-AD96-BEF6E08FF827}.Driver x86 Debug|Win32.ActiveCfg = Debug|Win32
		{9715FF1D-599B-4BBC-AD96-BEF6E08FF827}.Driver x86 Debug|Win32.Build.0 = Debug|Win32
		{9715FF1D-599B-4BBC-AD96-BEF6E08FF827}.Driver x86 Debug|x64.ActiveCfg = Debug|x64
		{9715FF1D-599B-4BBC-AD96-BEF6E08FF827}.Driver x86 Debug|x64.Build.0 = Debug|x64
		{9715FF1D-599B-4BBC-AD96-BEF6E08FF827}.Driver x86|Win32.ActiveCfg = Debug|Win32
		{9715FF1D-599B-4BBC-AD96-BEF6E08FF827}.Driver x86|Win32.Build.0 = Debug|Win32
		{9715FF1D-599B-4BBC-AD96-BEF6E08FF827}.Driver x86|x64.ActiveCfg = Debug|x64
		{9715FF1D-599B-4BBC-AD96-BEF6E08FF827}.Driver x86|x64.Build.0 = Debug|x64
		{9715FF1D-599B-4BBC-AD96-BEF6E08FF827}.Driver|Win32.ActiveCfg = Debug|Win32
		{9715FF1D-599B-4BBC-AD96-BEF6E08FF827}.Driver|Win32.Build.0 = Debug|Win32
		{9715FF1D-599B-4BBC-AD96-BEF6E08FF827}.Driver|x64.ActiveCfg = Debug|x64
		{9715FF1D-599B-4BBC-AD96-BEF6E08FF827}.Driver|x64.Build.0 = Debug|x64
		{9715FF1D-599B-4BBC-AD96-BEF6E08FF827}.Format Debug|Win32.ActiveCfg = Debug|Win32
		{9715FF1D-599B-4BBC-AD96-BEF6E08FF827}.Format Debug|Win32.Build.0 = Debug|Win32
		{9715FF1D-599B-4BBC-AD96-BEF6E08FF827}.Format Debug|x64.ActiveCfg = Debug|x64
		{9715FF1D-599B-4BBC-AD96-BEF6E08FF827}.Format Debug|x64.Build.0 = Debug|x64
		{9715FF1D-599B-4BBC-AD96-BEF6E08FF827}.Format|Win32.ActiveCfg = Release|Win32
		{9715FF1D-599B-4BBC-AD96-BEF6E08FF827}.Format|Win32.Build.0 = Release|Win32
		{9715FF1D-599B-4BBC-AD96-BEF6E08FF827}.Format|x64.ActiveCfg = Release|x64
		{9715FF1D-599B-4BBC-AD96-BEF6E08FF827}.Format|x64.Build.0 = Release|x64
		{9715FF1D-599B-4BBC-AD96-BEF6E08FF827}.Mount Debug|Win32.ActiveCfg = Debug|Win32
		{9715FF1D-599B-4BBC-AD96-BEF6E08FF827}.Mount Debug|Win32.Build.0 = Debug|Win32
		{9715FF1D-599B-4BBC-AD96-BEF6E08FF827}.Mount Debug|x64.ActiveCfg = Debug|x64
		{9715FF1D-599B-4BBC-AD96-BEF6E08FF827}.Mount Debug|x64.Build.0 = Debug|x64
		{9715FF1D-599B-4BBC-AD96-BEF6E08FF827}.Mount|Win32.ActiveCfg = Release|Win32
		{9715FF1D-599B-4BBC-AD96-BEF6E08FF827}.Mount|Win32.Build.0 = Release|Win32
		{9715FF1D-599B-4BBC-AD96-BEF6E08FF827}.Mount|x64.ActiveCfg = Release|x64
		{9715FF1D-599B-4BBC-AD96-BEF6E08FF827}.Mount|x64.Build.0 = Release|x64
		{9715FF1D-599B-4BBC-AD96-BEF6E08FF827}.Portable Debug|Win32.ActiveCfg = Debug|Win32
		{9715FF1D-599B-4BBC-AD96-BEF6E08FF827}.Portable Debug|Win32.Build.0 = Debug|Win32
		{9715FF1D-599B-4BBC-AD96-BEF6E08FF827}.Portable Debug|x64.ActiveCfg = Debug|x64
		{9715FF1D-599B-4BBC-AD96-BEF6E08FF827}.Portable Debug|x64.Build.0 = Debug|x64
		{9715FF1D-599B-4BBC-AD96-BEF6E08FF827}.Portable|Win32.ActiveCfg = Release|Win32
		{9715FF1D-599B-4BBC-AD96-BEF6E08FF827}.Portable|x64.ActiveCfg = Release|x64
		{9715FF1D-599B-4BBC-AD96-BEF6E08FF827}.Portable|x64.Build.0 = Release|x64
		{9715FF1D-599B-4BBC-AD96-BEF6E08FF827}.Release|Win32.ActiveCfg = Release|Win32
		{9715FF1D-599B-4BBC-AD96-BEF6E08FF827}.Release|Win32.Build.0 = Release|Win32
		{9715FF1D-599B-4BBC-AD96-BEF6E08FF827}.Release|x64.ActiveCfg = Release|x64
		{9715FF1D-599B-4BBC-AD96-BEF6E08FF827}.Release|x64.Build.0 = Release|x64
		{9715FF1D-599B-4BBC-AD96-BEF6E08FF827}.Setup Debug|Win32.ActiveCfg = Debug|Win32
		{9715FF1D-599B-4BBC-AD96-BEF6E08FF827}.Setup Debug|Win32.Build.0 = Debug|Win32
		{9715FF1D-599B-4BBC-AD96-BEF6E08FF827}.Setup Debug|x64.ActiveCfg = Debug|x64
		{9715FF1D-599B-4BBC-AD96-BEF6E08FF827}.Setup Debug|x64.Build.0 = Debug|x64
		{9715FF1D-599B-4BBC-AD96-BEF6E08FF827}.Setup|Win32.ActiveCfg = Release|Win32
		{9715FF1D-599B-4BBC-AD96-BEF6E08FF827}.Setup|x64.ActiveCfg = Release|x64
		{9715FF1D-599B-4BBC-AD96-BEF6E08FF827}.Setup|x64.Build.0 = Release|x64
		{6316EE71-0210-4CA4-BCC7-CFB7A3C090FC}.All Debug|Win32.ActiveCfg = Debug|Win32
		{6316EE71-0210-4CA4-BCC7-CFB7A3C090FC}.All Debug|Win32.Build.0 = Debug|Win32
		{6316EE71-0210-4CA4-BCC7-CFB7A3C090FC}.All Debug|x64.ActiveCfg = Debug|x64
		{6316EE71-0210-4CA4-BCC7-CFB7A3C090FC}.All Debug|x64.Build.0 = Debug|x64
		{6316EE71-0210-4CA4-BCC7-CFB7A3C090FC}.All|Win32.ActiveCfg = Release|Win32
		{6316EE71-0210-4CA4-BCC7-CFB7A3C090FC}.All|Win32.Build.0 = Release|Win32
		{6316EE71-0210-4CA4-BCC7-CFB7A3C090FC}.All|x64.ActiveCfg = Release|x64
		{6316EE71-0210-4CA4-BCC7-CFB7A3C090FC}.All|x64.Build.0 = Release|x64
		{6316EE71-0210-4CA4-BCC7-CFB7A3C090FC}.Boot Loader|Win32.ActiveCfg = Release|Win32
		{6316EE71-0210-4CA4-BCC7-CFB7A3C090FC}.Boot Loader|Win32.Build.0 = Release|Win32
		{6316EE71-0210-4CA4-BCC7-CFB7A3C090FC}.Boot Loader|x64.ActiveCfg = Release|Win32
		{6316EE71-0210-4CA4-BCC7-CFB7A3C090FC}.Boot|Win32.ActiveCfg = Release|Win32
		{6316EE71-0210-4CA4-BCC7-CFB7A3C090FC}.Boot|Win32.Build.0 = Release|Win32
		{6316EE71-0210-4CA4-BCC7-CFB7A3C090FC}.Boot|x64.ActiveCfg = Release|Win32
		{6316EE71-0210-4CA4-BCC7-CFB7A3C090FC}.Debug|Win32.ActiveCfg = Debug|Win32
		{6316EE71-0210-4CA4-BCC7-CFB7A3C090FC}.Debug|Win32.Build.0 = Debug|Win32
		{6316EE71-0210-4CA4-BCC7-CFB7A3C090FC}.Debug|x64.ActiveCfg = Debug|Win32
		{6316EE71-0210-4CA4-BCC7-CFB7A3C090FC}.Driver Debug|Win32.ActiveCfg = Debug|Win32
		{6316EE71-0210-4CA4-BCC7-CFB7A3C090FC}.Driver Debug|Win32.Build.0 = Debug|Win32
		{6316EE71-0210-4CA4-BCC7-CFB7A3C090FC}.Driver Debug|x64.ActiveCfg = Debug|Win32
		{6316EE71-0210-4CA4-BCC7-CFB7A3C090FC}.Driver x64 Debug|Win32.ActiveCfg = Debug|Win32
		{6316EE71-0210-4CA4-BCC7-CFB7A3C090FC}.Driver x64 Debug|Win32.Build.0 = Debug|Win32
		{6316EE71-0210-4CA4-BCC7-CFB7A3C090FC}.Driver x64 Debug|x64.ActiveCfg = Debug|Win32
		{6316EE71-0210-4CA4-BCC7-CFB7A3C090FC}.Driver x64|Win32.ActiveCfg = Debug|Win32
		{6316EE71-0210-4CA4-BCC7-CFB7A3C090FC}.Driver x64|Win32.Build.0 = Debug|Win32
		{6316EE71-0210-4CA4-BCC7-CFB7A3C090FC}.Driver x64|x64.ActiveCfg = Debug|Win32
		{6316EE71-0210-4CA4-BCC7-CFB7A3C090FC}.Driver x86 Debug|Win32.ActiveCfg = Debug|Win32
		{6316EE71-0210-4CA4-BCC7-CFB7A3C090FC}.Driver x86 Debug|Win32.Build.0 = Debug|Win32
		{6316EE71-0210-4CA4-BCC7-CFB7A3C090FC}.Driver x86 Debug|x64.ActiveCfg = Debug|Win32
		{6316EE71-0210-4CA4-BCC7-CFB7A3C090FC}.Driver x86|Win32.ActiveCfg = Debug|Win32
		{6316EE71-0210-4CA4-BCC7-CFB7A3C090FC}.Driver x86|Win32.Build.0 = Debug|Win32
		{6316EE71-0210-4CA4-BCC7-CFB7A3C090FC}.Driver x86|x64.ActiveCfg = Debug|Win32
		{6316EE71-0210-4CA4-BCC7-CFB7A3C090FC}.Driver|Win32.ActiveCfg = Debug|Win32
		{6316EE71-0210-4CA4-BCC7-CFB7A3C090FC}.Driver|Win32.Build.0 = Debug|Win32
		{6316EE71-0210-4CA4-BCC7-CFB7A3C090FC}.Driver|x64.ActiveCfg = Debug|Win32
		{6316EE71-0210-4CA4-BCC7-CFB7A3C090FC}.Format Debug|Win32.ActiveCfg = Debug|Win32
		{6316EE71-0210-4CA4-BCC7-CFB7A3C090FC}.Format Debug|Win32.Build.0 = Debug|Win32
		{6316EE71-0210-4CA4-BCC7-CFB7A3C090FC}.Format Debug|x64.ActiveCfg = Debug|Win32
		{6316EE71-0210-4CA4-BCC7-CFB7A3C090FC}.Format|Win32.ActiveCfg = Release|Win32
		{6316EE71-0210-4CA4-BCC7-CFB7A3C090FC}.Format|Win32.Build.0 = Release|Win32
		{6316EE71-0210-4CA4-BCC7-CFB7A3C090FC}.Format|x64.ActiveCfg = Release|Win32
		{6316EE71-0210-4CA4-BCC7-CFB7A3C090FC}.Mount Debug|Win32.ActiveCfg = Debug|Win32
		{6316EE71-0210-4CA4-BCC7-CFB7A3C090FC}.Mount Debug|Win32.Build.0 = Debug|Win32
		{6316EE71-0210-4CA4-BCC7-CFB7A3C090FC}.Mount Debug|x64.ActiveCfg = Debug|Win32
		{6316EE71-0210-4CA4-BCC7-CFB7A3C090FC}.Mount|Win32.ActiveCfg = Release|Win32
		{6316EE71-0210-4CA4-BCC7-CFB7A3C090FC}.Mount|Win32.Build.0 = Release|Win32
		{6316EE71-0210-4CA4-BCC7-CFB7A3C090FC}.Mount|x64.ActiveCfg = Release|Win32
		{6316EE71-0210-4CA4-BCC7-CFB7A3C090FC}.Portable Debug|Win32.ActiveCfg = Debug|Win32
		{6316EE71-0210-4CA4-BCC7-CFB7A3C090FC}.Portable Debug|Win32.Build.0 = Debug|Win32
		{6316EE71-0210-4CA4-BCC7-CFB7A3C090FC}.Portable Debug|x64.ActiveCfg = Debug|Win32
		{6316EE71-0210-4CA4-BCC7-CFB7A3C090FC}.Portable|Win32.ActiveCfg = Release|Win32
		{6316EE71-0210-4CA4-BCC7-CFB7A3C090FC}.Portable|Win32.Build.0 = Release|Win32
		{6316EE71-0210-4CA4-BCC7-CFB7A3C090FC}.Portable|x64.ActiveCfg = Release|Win32
		{6316EE71-0210-4CA4-BCC7-CFB7A3C090FC}.Release|Win32.ActiveCfg = Release|Win32
		{6316EE71-0210-4CA4-BCC7-CFB7A3C090FC}.Release|Win32.Build.0 = Release|Win32
		{6316EE71-0210-4CA4-BCC7-CFB7A3C090FC}.Release|x64.ActiveCfg = Release|Win32
		{6316EE71-0210-4CA4-BCC7-CFB7A3C090FC}.Setup Debug|Win32.ActiveCfg = Debug|Win32
		{6316EE71-0210-4CA4-BCC7-CFB7A3C090FC}.Setup Debug|Win32.Build.0 = Debug|Win32
		{6316EE71-0210-4CA4-BCC7-CFB7A3C090FC}.Setup Debug|x64.ActiveCfg = Debug|Win32
		{6316EE71-0210-4CA4-BCC7-CFB7A3C090FC}.Setup|Win32.ActiveCfg = Release|Win32
		{6316EE71-0210-4CA4-BCC7-CFB7A3C090FC}.Setup|Win32.Build.0 = Release|Win32
		{6316EE71-0210-4CA4-BCC7-CFB7A3C090FC}.Setup|x64.ActiveCfg = Release|Win32
		{60698D56-DB83-4D19-9C87-9DFB6A6F8C87}.All Debug|Win32.ActiveCfg = Debug|Win32
		{60698D56-DB83-4D19-9C87-9DFB6A6F8C87}.All Debug|Win32.Build.0 = Debug|Win32
		{60698D56-DB83-4D19-9C87-9DFB6A6F8C87}.All Debug|x64.ActiveCfg = Debug|Win32
		{60698D56-DB83-4D19-9C87-9DFB6A6F8C87}.All|Win32.ActiveCfg = Release|Win32
		{60698D56-DB83-4D19-9C87-9DFB6A6F8C87}.All|Win32.Build.0 = Release|Win32
		{60698D56-DB83-4D19-9C87-9DFB6A6F8C87}.All|x64.ActiveCfg = Release|Win32
		{60698D56-DB83-4D19-9C87-9DFB6A6F8C87}.Boot Loader|Win32.ActiveCfg = Release|Win32
		{60698D56-DB83-4D19-9C87-9DFB6A6F8C87}.Boot Loader|Win32.Build.0 = Release|Win32
		{60698D56-DB83-4D19-9C87-9DFB6A6F8C87}.Boot Loader|x64.ActiveCfg = Release|Win32
		{60698D56-DB83-4D19-9C87-9DFB6A6F8C87}.Boot|Win32.ActiveCfg = Release|Win32
		{60698D56-DB83-4D19-9C87-9DFB6A6F8C87}.Boot|Win32.Build.0 = Release|Win32
		{60698D56-DB83-4D19-9C87-9DFB6A6F8C87}.Boot|x64.ActiveCfg = Release|Win32
		{60698D56-DB83-4D19-9C87-9DFB6A6F8C87}.Debug|Win32.ActiveCfg = Debug|Win32
		{60698D56-DB83-4D19-9C87-9DFB6A6F8C87}.Debug|Win32.Build.0 = Debug|Win32
		{60698D56-DB83-4D19-9C87-9DFB6A6F8C87}.Debug|x64.ActiveCfg = Debug|Win32
		{60698D56-DB83-4D19-9C87-9DFB6A6F8C87}.Driver Debug|Win32.ActiveCfg = Debug|Win32
		{60698D56-DB83-4D19-9C87-9DFB6A6F8C87}.Driver Debug|Win32.Build.0 = Debug|Win32
		{60698D56-DB83-4D19-9C87-9DFB6A6F8C87}.Driver Debug|x64.ActiveCfg = Debug|Win32
		{60698D56-DB83-4D19-9C87-9DFB6A6F8C87}.Driver x64 Debug|Win32.ActiveCfg = Debug|Win32
		{60698D56-DB83-4D19-9C87-9DFB6A6F8C87}.Driver x64 Debug|Win32.Build.0 = Debug|Win32
		{60698D56-DB83-4D19-9C87-9DFB6A6F8C87}.Driver x64 Debug|x64.ActiveCfg = Debug|Win32
		{60698D56-DB83-4D19-9C87-9DFB6A6F8C87}.Driver x64|Win32.ActiveCfg = Debug|Win32
		{60698D56-DB83-4D19-9C87-9DFB6A6F8C87}.Driver x64|Win32.Build.0 = Debug|Win32
		{60698D56-DB83-4D19-9C87-9DFB6A6F8C87}.Driver x64|x64.ActiveCfg = Debug|Win32
		{60698D56-DB83-4D19-9C87-9DFB6A6F8C87}.Driver x86 Debug|Win32.ActiveCfg = Debug|Win32
		{60698D56-DB83-4D19-9C87-9DFB6A6F8C87}.Driver x86 Debug|Win32.Build.0 = Debug|Win32
		{60698D56-DB83-4D19-9C87-9DFB6A6F8C87}.Driver x86 Debug|x64.ActiveCfg = Debug|Win32
		{60698D56-DB83-4D19-9C87-9DFB6A6F8C87}.Driver x86|Win32.ActiveCfg = Debug|Win32
		{60698D56-DB83-4D19-9C87-9DFB6A6F8C87}.Driver x86|Win32.Build.0 = Debug|Win32
		{60698D56-DB83-4D19-9C87-9DFB6A6F8C87}.Driver x86|x64.ActiveCfg = Debug|Win32
		{60698D56-DB83-4D19-9C87-9DFB6A6F8C87}.Driver|Win32.ActiveCfg = Debug|Win32
		{60698D56-DB83-4D19-9C87-9DFB6A6F8C87}.Driver|Win32.Build.0 = Debug|Win32
		{60698D56-DB83-4D19-9C87-9DFB6A6F8C87}.Driver|x64.ActiveCfg = Debug|Win32
		{60698D56-DB83-4D19-9C87-9DFB6A6F8C87}.Format Debug|Win32.ActiveCfg = Debug|Win32
		{60698D56-DB83-4D19-9C87-9DFB6A6F8C87}.Format Debug|Win32.Build.0 = Debug|Win32
		{60698D56-DB83-4D19-9C87-9DFB6A6F8C87}.Format Debug|x64.ActiveCfg = Debug|Win32
		{60698D56-DB83-4D19-9C87-9DFB6A6F8C87}.Format|Win32.ActiveCfg = Release|Win32
		{60698D56-DB83-4D19-9C87-9DFB6A6F8C87}.Format|Win32.Build.0 = Release|Win32
		{60698D56-DB83-4D19-9C87-9DFB6A6F8C87}.Format|x64.ActiveCfg = Release|Win32
		{60698D56-DB83-4D19-9C87-9DFB6A6F8C87}.Mount Debug|Win32.ActiveCfg = Debug|Win32
		{60698D56-DB83-4D19-9C87-9DFB6A6F8C87}.Mount Debug|Win32.Build.0 = Debug|Win32
		{60698D56-DB83-4D19-9C87-9DFB6A6F8C87}.Mount Debug|x64.ActiveCfg = Debug|Win32
		{60698D56-DB83-4D19-9C87-9DFB6A6F8C87}.Mount|Win32.ActiveCfg = Release|Win32
		{60698D56-DB83-4D19-9C87-9DFB6A6F8C87}.Mount|Win32.Build.0 = Release|Win32
		{60698D56-DB83-4D19-9C87-9DFB6A6F8C87}.Mount|x64.ActiveCfg = Release|Win32
		{60698D56-DB83-4D19-9C87-9DFB6A6F8C87}.Portable Debug|Win32.ActiveCfg = Debug|Win32
		{60698D56-DB83-4D19-9C87-9DFB6A6F8C87}.Portable Debug|Win32.Build.0 = Debug|Win32
		{60698D56-DB83-4D19-9C87-9DFB6A6F8C87}.Portable Debug|x64.ActiveCfg = Debug|Win32
		{60698D56-DB83-4D19-9C87-9DFB6A6F8C87}.Portable|Win32.ActiveCfg = Release|Win32
		{60698D56-DB83-4D19-9C87-9DFB6A6F8C87}.Portable|Win32.Build.0 = Release|Win32
		{60698D56-DB83-4D19-9C87-9DFB6A6F8C87}.Portable|x64.ActiveCfg = Release|Win32
		{60698D56-DB83-4D19-9C87-9DFB6A6F8C87}.Release|Win32.ActiveCfg = Release|Win32
		{60698D56-DB83-4D19-9C87-9DFB6A6F8C87}.Release|Win32.Build.0 = Release|Win32
		{60698D56-DB83-4D19-9C87-9DFB6A6F8C87}.Release|x64.ActiveCfg = Release|Win32
		{60698D56-DB83-4D19-9C87-9DFB6A6F8C87}.Setup Debug|Win32.ActiveCfg = Debug|Win32
		{60698D56-DB83-4D19-9C87-9DFB6A6F8C87}.Setup Debug|Win32.Build.0 = Debug|Win32
		{60698D56-DB83-4D19-9C87-9DFB6A6F8C87}.Setup Debug|x64.ActiveCfg = Debug|Win32
		{60698D56-DB83-4D19-9C87-9DFB6A6F8C87}.Setup|Win32.ActiveCfg = Release|Win32
		{60698D56-DB83-4D19-9C87-9DFB6A6F8C87}.Setup|Win32.Build.0 = Release|Win32
		{60698D56-DB83-4D19-9C87-9DFB6A6F8C87}.Setup|x64.ActiveCfg = Release|Win32
	EndGlobalSection
	GlobalSection(SolutionProperties) = preSolution
		HideSolutionNode = FALSE
	EndGlobalSection
EndGlobal
