<?xml version="1.0" encoding="utf-8"?>
<Project ToolsVersion="4.0" xmlns="http://schemas.microsoft.com/developer/msbuild/2003">
  <ItemGroup>
    <Filter Include="Source Files">
      <UniqueIdentifier>{4FC737F1-C7A5-4376-A066-2A32D752A2FF}</UniqueIdentifier>
      <Extensions>cpp;c;cc;cxx;def;odl;idl;hpj;bat;asm;asmx</Extensions>
    </Filter>
    <Filter Include="Header Files">
      <UniqueIdentifier>{93995380-89BD-4b04-88EB-625FBE52EBFB}</UniqueIdentifier>
      <Extensions>h;hpp;hxx;hm;inl;inc;xsd</Extensions>
    </Filter>
  </ItemGroup>
  <ItemGroup>
    <None Include="lzma\lzma-history.txt" />
    <None Include="lzma\lzma-sdk.txt" />
  </ItemGroup>
  <ItemGroup>
    <ClCompile Include="lzma\Alloc.c">
      <Filter>Source Files</Filter>
    </ClCompile>
    <ClCompile Include="lzma\CpuArch.c">
      <Filter>Source Files</Filter>
    </ClCompile>
    <ClCompile Include="lzma\LzFind.c">
      <Filter>Source Files</Filter>
    </ClCompile>
    <ClCompile Include="lzma\LzFindMt.c">
      <Filter>Source Files</Filter>
    </ClCompile>
    <ClCompile Include="lzma\LzFindOpt.c">
      <Filter>Source Files</Filter>
    </ClCompile>
    <ClCompile Include="lzma\LzmaDec.c">
      <Filter>Source Files</Filter>
    </ClCompile>
    <ClCompile Include="lzma\LzmaEnc.c">
      <Filter>Source Files</Filter>
    </ClCompile>
    <ClCompile Include="lzma\LzmaLib.c">
      <Filter>Source Files</Filter>
    </ClCompile>
    <ClCompile Include="lzma\Threads.c">
      <Filter>Source Files</Filter>
    </ClCompile>
  </ItemGroup>
  <ItemGroup>
    <ClInclude Include="lzma\7zTypes.h">
      <Filter>Header Files</Filter>
    </ClInclude>
    <ClInclude Include="lzma\Alloc.h">
      <Filter>Header Files</Filter>
    </ClInclude>
    <ClInclude Include="lzma\Compiler.h">
      <Filter>Header Files</Filter>
    </ClInclude>
    <ClInclude Include="lzma\CpuArch.h">
      <Filter>Header Files</Filter>
    </ClInclude>
    <ClInclude Include="lzma\LzFind.h">
      <Filter>Header Files</Filter>
    </ClInclude>
    <ClInclude Include="lzma\LzFindMt.h">
      <Filter>Header Files</Filter>
    </ClInclude>
    <ClInclude Include="lzma\LzHash.h">
      <Filter>Header Files</Filter>
    </ClInclude>
    <ClInclude Include="lzma\LzmaDec.h">
      <Filter>Header Files</Filter>
    </ClInclude>
    <ClInclude Include="lzma\LzmaEnc.h">
      <Filter>Header Files</Filter>
    </ClInclude>
    <ClInclude Include="lzma\LzmaLib.h">
      <Filter>Header Files</Filter>
    </ClInclude>
    <ClInclude Include="lzma\Precomp.h">
      <Filter>Header Files</Filter>
    </ClInclude>
    <ClInclude Include="lzma\Threads.h">
      <Filter>Header Files</Filter>
    </ClInclude>
  </ItemGroup>
</Project>